Microsoft Visual Studio Solution File, Format Version 10.00
# Visual Studio 2008
Project("{2150E333-8FDC-42A3-9474-1A3956D46DE8}") = "NIDLs", "NIDLs", "{798777e9-b38c-4974-bee3-b1cd45f6a1e6}"
EndProject
Project("{2150E333-8FDC-42A3-9474-1A3956D46DE8}") = "Libs", "Libs", "{832A854F-2030-4EA4-86FE-EDEEC017E78E}"
EndProject
Project("{8BC9CEB8-8B4A-11D0-8D11-00A0C91BC942}") = "attr_win32", "attr_win32.vcproj", "{D2E681A2-4D4D-45A7-98C7-795F9E23E76F}"
EndProject
Project("{8BC9CEB8-8B4A-11D0-8D11-00A0C91BC942}") = "audio2_nidls_win32", "audio2_nidls_win32.vcproj", "{40C0A9BA-A4B5-40A5-8197-217DDB45E683}"
EndProject
Project("{8BC9CEB8-8B4A-11D0-8D11-00A0C91BC942}") = "audio2_win32", "audio2_win32.vcproj", "{A7044D67-7083-483B-97A1-C5CA519AFD9F}"
	ProjectSection(ProjectDependencies) = postProject
		{40C0A9BA-A4B5-40A5-8197-217DDB45E683} = {40C0A9BA-A4B5-40A5-8197-217DDB45E683}
	EndProjectSection
EndProject
Project("{8BC9CEB8-8B4A-11D0-8D11-00A0C91BC942}") = "db_win32", "db_win32.vcproj", "{AC83FC84-2FDE-4530-BA3B-D04A51195335}"
EndProject
Project("{8BC9CEB8-8B4A-11D0-8D11-00A0C91BC942}") = "physics_win32", "physics_win32.vcproj", "{70D77750-32BC-4331-A191-F7D91D454341}"
EndProject
Project("{8BC9CEB8-8B4A-11D0-8D11-00A0C91BC942}") = "network_nidls_win32", "network_nidls_win32.vcproj", "{9CB2993F-AAAB-4930-B613-E0FB77890816}"
EndProject
Project("{8BC9CEB8-8B4A-11D0-8D11-00A0C91BC942}") = "network_win32", "network_win32.vcproj", "{79089910-6BB0-48FB-B033-568E35B10CA1}"
	ProjectSection(ProjectDependencies) = postProject
		{9CB2993F-AAAB-4930-B613-E0FB77890816} = {9CB2993F-AAAB-4930-B613-E0FB77890816}
		{F893CBA9-F48F-464F-8783-2F0981346845} = {F893CBA9-F48F-464F-8783-2F0981346845}
	EndProjectSection
EndProject
Project("{8BC9CEB8-8B4A-11D0-8D11-00A0C91BC942}") = "scripting_nidls_win32", "scripting_nidls_win32.vcproj", "{62C5E1F0-92F5-4A45-837F-5A743C22395F}"
EndProject
Project("{8BC9CEB8-8B4A-11D0-8D11-00A0C91BC942}") = "scripting_win32", "scripting_win32.vcproj", "{C12876E0-DBC6-4474-A75B-34CD99DE8B49}"
	ProjectSection(ProjectDependencies) = postProject
		{62C5E1F0-92F5-4A45-837F-5A743C22395F} = {62C5E1F0-92F5-4A45-837F-5A743C22395F}
	EndProjectSection
EndProject
Project("{8BC9CEB8-8B4A-11D0-8D11-00A0C91BC942}") = "remote_nidls_win32", "remote_nidls_win32.vcproj", "{EDF1B231-38F8-4E55-9F71-9F01C8307970}"
EndProject
Project("{8BC9CEB8-8B4A-11D0-8D11-00A0C91BC942}") = "remote_win32", "remote_win32.vcproj", "{4844D9AB-B65C-4B00-B704-B8528DAADE56}"
	ProjectSection(ProjectDependencies) = postProject
		{EDF1B231-38F8-4E55-9F71-9F01C8307970} = {EDF1B231-38F8-4E55-9F71-9F01C8307970}
	EndProjectSection
EndProject
Project("{8BC9CEB8-8B4A-11D0-8D11-00A0C91BC942}") = "sui_nidls_win32", "sui_nidls_win32.vcproj", "{04B76FBD-8563-4EC0-A9CF-CF454BDABF19}"
EndProject
Project("{8BC9CEB8-8B4A-11D0-8D11-00A0C91BC942}") = "sui_win32", "sui_win32.vcproj", "{4C41875C-A19B-4A58-BA87-34415D6274E8}"
	ProjectSection(ProjectDependencies) = postProject
		{04B76FBD-8563-4EC0-A9CF-CF454BDABF19} = {04B76FBD-8563-4EC0-A9CF-CF454BDABF19}
	EndProjectSection
EndProject
Project("{8BC9CEB8-8B4A-11D0-8D11-00A0C91BC942}") = "ui_nidls_win32", "ui_nidls_win32.vcproj", "{BFB5353E-C087-43D7-A239-00F2BC4F81E3}"
EndProject
Project("{8BC9CEB8-8B4A-11D0-8D11-00A0C91BC942}") = "ui_win32", "ui_win32.vcproj", "{B5623BBB-3D76-4E36-B3E7-A87ED3B7C186}"
	ProjectSection(ProjectDependencies) = postProject
		{BFB5353E-C087-43D7-A239-00F2BC4F81E3} = {BFB5353E-C087-43D7-A239-00F2BC4F81E3}
	EndProjectSection
EndProject
Project("{8BC9CEB8-8B4A-11D0-8D11-00A0C91BC942}") = "vibration_nidls_win32", "vibration_nidls_win32.vcproj", "{32B3B4E4-0B18-42A3-9383-8B16CBD24C52}"
EndProject
Project("{8BC9CEB8-8B4A-11D0-8D11-00A0C91BC942}") = "vibration_win32", "vibration_win32.vcproj", "{F13498B4-9015-4664-9511-B94DFDACC7D8}"
	ProjectSection(ProjectDependencies) = postProject
		{32B3B4E4-0B18-42A3-9383-8B16CBD24C52} = {32B3B4E4-0B18-42A3-9383-8B16CBD24C52}
	EndProjectSection
EndProject
Project("{8BC9CEB8-8B4A-11D0-8D11-00A0C91BC942}") = "video_nidls_win32", "video_nidls_win32.vcproj", "{EAB36960-07DB-4343-94EE-209D9922F5D3}"
EndProject
Project("{8BC9CEB8-8B4A-11D0-8D11-00A0C91BC942}") = "video_win32", "video_win32.vcproj", "{705098DF-7583-4025-A102-56F63728C900}"
	ProjectSection(ProjectDependencies) = postProject
		{EAB36960-07DB-4343-94EE-209D9922F5D3} = {EAB36960-07DB-4343-94EE-209D9922F5D3}
	EndProjectSection
EndProject
Project("{8BC9CEB8-8B4A-11D0-8D11-00A0C91BC942}") = "fx_nidls_win32", "fx_nidls_win32.vcproj", "{A37487F8-FC03-49AF-A8D3-028EB3F88617}"
EndProject
Project("{8BC9CEB8-8B4A-11D0-8D11-00A0C91BC942}") = "fx_win32", "fx_win32.vcproj", "{41C60DF6-52A1-4324-8C85-9E7134A7953B}"
	ProjectSection(ProjectDependencies) = postProject
		{A37487F8-FC03-49AF-A8D3-028EB3F88617} = {A37487F8-FC03-49AF-A8D3-028EB3F88617}
	EndProjectSection
EndProject
Project("{8BC9CEB8-8B4A-11D0-8D11-00A0C91BC942}") = "posteffect_nidls_win32", "posteffect_nidls_win32.vcproj", "{C10801E3-DAC0-4966-A9B1-F0CC0CE9D236}"
EndProject
Project("{8BC9CEB8-8B4A-11D0-8D11-00A0C91BC942}") = "posteffect_win32", "posteffect_win32.vcproj", "{B183F1BA-DFBC-4F10-8A6E-4E26D633B4BA}"
	ProjectSection(ProjectDependencies) = postProject
		{C10801E3-DAC0-4966-A9B1-F0CC0CE9D236} = {C10801E3-DAC0-4966-A9B1-F0CC0CE9D236}
	EndProjectSection
EndProject
Project("{8BC9CEB8-8B4A-11D0-8D11-00A0C91BC942}") = "framecapture_nidls_win32", "framecapture_nidls_win32.vcproj", "{A3120BD8-E1A2-4219-B6EC-561A2088BB55}"
EndProject
Project("{8BC9CEB8-8B4A-11D0-8D11-00A0C91BC942}") = "framecapture_win32", "framecapture_win32.vcproj", "{067820E2-9AF8-44B9-9DD7-42D9C0B4E9F3}"
	ProjectSection(ProjectDependencies) = postProject
		{A3120BD8-E1A2-4219-B6EC-561A2088BB55} = {A3120BD8-E1A2-4219-B6EC-561A2088BB55}
	EndProjectSection
EndProject
Project("{8BC9CEB8-8B4A-11D0-8D11-00A0C91BC942}") = "forest_nidls_win32", "forest_nidls_win32.vcproj", "{7BE22BEA-5E6E-4EA4-9688-1307E41D9C44}"
EndProject
Project("{8BC9CEB8-8B4A-11D0-8D11-00A0C91BC942}") = "forest_win32", "forest_win32.vcproj", "{F92628C1-1503-4286-ADC4-92834DBE551C}"
	ProjectSection(ProjectDependencies) = postProject
		{7BE22BEA-5E6E-4EA4-9688-1307E41D9C44} = {7BE22BEA-5E6E-4EA4-9688-1307E41D9C44}
	EndProjectSection
EndProject
Project("{8BC9CEB8-8B4A-11D0-8D11-00A0C91BC942}") = "nebula2_addons_win32", "nebula2_addons_win32.vcproj", "{7AFD8C9C-1759-41C2-80CA-42BA199C06D7}"
EndProject
Global
	GlobalSection(SolutionConfigurationPlatforms) = preSolution
		Debug|Win32 = Debug|Win32
		Release|Win32 = Release|Win32
		Maya_Debug|Win32 = Maya_Debug|Win32
		Maya_Release|Win32 = Maya_Release|Win32
	EndGlobalSection
	GlobalSection(ProjectConfigurationPlatforms) = postSolution
		{D2E681A2-4D4D-45A7-98C7-795F9E23E76F}.Debug|Win32.ActiveCfg = Debug|Win32
		{D2E681A2-4D4D-45A7-98C7-795F9E23E76F}.Debug|Win32.Build.0 = Debug|Win32
		{D2E681A2-4D4D-45A7-98C7-795F9E23E76F}.Release|Win32.ActiveCfg = Release|Win32
		{D2E681A2-4D4D-45A7-98C7-795F9E23E76F}.Release|Win32.Build.0 = Release|Win32
		{D2E681A2-4D4D-45A7-98C7-795F9E23E76F}.Maya_Debug|Win32.ActiveCfg = Maya_Debug|Win32
		{D2E681A2-4D4D-45A7-98C7-795F9E23E76F}.Maya_Debug|Win32.Build.0 = Maya_Debug|Win32
		{D2E681A2-4D4D-45A7-98C7-795F9E23E76F}.Maya_Release|Win32.ActiveCfg = Maya_Release|Win32
		{D2E681A2-4D4D-45A7-98C7-795F9E23E76F}.Maya_Release|Win32.Build.0 = Maya_Release|Win32
		{40C0A9BA-A4B5-40A5-8197-217DDB45E683}.Debug|Win32.ActiveCfg = Debug|Win32
		{40C0A9BA-A4B5-40A5-8197-217DDB45E683}.Debug|Win32.Build.0 = Debug|Win32
		{40C0A9BA-A4B5-40A5-8197-217DDB45E683}.Release|Win32.ActiveCfg = Release|Win32
		{40C0A9BA-A4B5-40A5-8197-217DDB45E683}.Release|Win32.Build.0 = Release|Win32
		{40C0A9BA-A4B5-40A5-8197-217DDB45E683}.Maya_Debug|Win32.ActiveCfg = Maya_Debug|Win32
		{40C0A9BA-A4B5-40A5-8197-217DDB45E683}.Maya_Debug|Win32.Build.0 = Maya_Debug|Win32
		{40C0A9BA-A4B5-40A5-8197-217DDB45E683}.Maya_Release|Win32.ActiveCfg = Maya_Release|Win32
		{40C0A9BA-A4B5-40A5-8197-217DDB45E683}.Maya_Release|Win32.Build.0 = Maya_Release|Win32
		{A7044D67-7083-483B-97A1-C5CA519AFD9F}.Debug|Win32.ActiveCfg = Debug|Win32
		{A7044D67-7083-483B-97A1-C5CA519AFD9F}.Debug|Win32.Build.0 = Debug|Win32
		{A7044D67-7083-483B-97A1-C5CA519AFD9F}.Release|Win32.ActiveCfg = Release|Win32
		{A7044D67-7083-483B-97A1-C5CA519AFD9F}.Release|Win32.Build.0 = Release|Win32
		{A7044D67-7083-483B-97A1-C5CA519AFD9F}.Maya_Debug|Win32.ActiveCfg = Maya_Debug|Win32
		{A7044D67-7083-483B-97A1-C5CA519AFD9F}.Maya_Debug|Win32.Build.0 = Maya_Debug|Win32
		{A7044D67-7083-483B-97A1-C5CA519AFD9F}.Maya_Release|Win32.ActiveCfg = Maya_Release|Win32
		{A7044D67-7083-483B-97A1-C5CA519AFD9F}.Maya_Release|Win32.Build.0 = Maya_Release|Win32
		{AC83FC84-2FDE-4530-BA3B-D04A51195335}.Debug|Win32.ActiveCfg = Debug|Win32
		{AC83FC84-2FDE-4530-BA3B-D04A51195335}.Debug|Win32.Build.0 = Debug|Win32
		{AC83FC84-2FDE-4530-BA3B-D04A51195335}.Release|Win32.ActiveCfg = Release|Win32
		{AC83FC84-2FDE-4530-BA3B-D04A51195335}.Release|Win32.Build.0 = Release|Win32
		{AC83FC84-2FDE-4530-BA3B-D04A51195335}.Maya_Debug|Win32.ActiveCfg = Maya_Debug|Win32
		{AC83FC84-2FDE-4530-BA3B-D04A51195335}.Maya_Debug|Win32.Build.0 = Maya_Debug|Win32
		{AC83FC84-2FDE-4530-BA3B-D04A51195335}.Maya_Release|Win32.ActiveCfg = Maya_Release|Win32
		{AC83FC84-2FDE-4530-BA3B-D04A51195335}.Maya_Release|Win32.Build.0 = Maya_Release|Win32
		{70D77750-32BC-4331-A191-F7D91D454341}.Debug|Win32.ActiveCfg = Debug|Win32
		{70D77750-32BC-4331-A191-F7D91D454341}.Debug|Win32.Build.0 = Debug|Win32
		{70D77750-32BC-4331-A191-F7D91D454341}.Release|Win32.ActiveCfg = Release|Win32
		{70D77750-32BC-4331-A191-F7D91D454341}.Release|Win32.Build.0 = Release|Win32
		{70D77750-32BC-4331-A191-F7D91D454341}.Maya_Debug|Win32.ActiveCfg = Maya_Debug|Win32
		{70D77750-32BC-4331-A191-F7D91D454341}.Maya_Debug|Win32.Build.0 = Maya_Debug|Win32
		{70D77750-32BC-4331-A191-F7D91D454341}.Maya_Release|Win32.ActiveCfg = Maya_Release|Win32
		{70D77750-32BC-4331-A191-F7D91D454341}.Maya_Release|Win32.Build.0 = Maya_Release|Win32
		{9CB2993F-AAAB-4930-B613-E0FB77890816}.Debug|Win32.ActiveCfg = Debug|Win32
		{9CB2993F-AAAB-4930-B613-E0FB77890816}.Debug|Win32.Build.0 = Debug|Win32
		{9CB2993F-AAAB-4930-B613-E0FB77890816}.Release|Win32.ActiveCfg = Release|Win32
		{9CB2993F-AAAB-4930-B613-E0FB77890816}.Release|Win32.Build.0 = Release|Win32
		{9CB2993F-AAAB-4930-B613-E0FB77890816}.Maya_Debug|Win32.ActiveCfg = Maya_Debug|Win32
		{9CB2993F-AAAB-4930-B613-E0FB77890816}.Maya_Debug|Win32.Build.0 = Maya_Debug|Win32
		{9CB2993F-AAAB-4930-B613-E0FB77890816}.Maya_Release|Win32.ActiveCfg = Maya_Release|Win32
		{9CB2993F-AAAB-4930-B613-E0FB77890816}.Maya_Release|Win32.Build.0 = Maya_Release|Win32
		{79089910-6BB0-48FB-B033-568E35B10CA1}.Debug|Win32.ActiveCfg = Debug|Win32
		{79089910-6BB0-48FB-B033-568E35B10CA1}.Debug|Win32.Build.0 = Debug|Win32
		{79089910-6BB0-48FB-B033-568E35B10CA1}.Release|Win32.ActiveCfg = Release|Win32
		{79089910-6BB0-48FB-B033-568E35B10CA1}.Release|Win32.Build.0 = Release|Win32
		{79089910-6BB0-48FB-B033-568E35B10CA1}.Maya_Debug|Win32.ActiveCfg = Maya_Debug|Win32
		{79089910-6BB0-48FB-B033-568E35B10CA1}.Maya_Debug|Win32.Build.0 = Maya_Debug|Win32
		{79089910-6BB0-48FB-B033-568E35B10CA1}.Maya_Release|Win32.ActiveCfg = Maya_Release|Win32
		{79089910-6BB0-48FB-B033-568E35B10CA1}.Maya_Release|Win32.Build.0 = Maya_Release|Win32
		{62C5E1F0-92F5-4A45-837F-5A743C22395F}.Debug|Win32.ActiveCfg = Debug|Win32
		{62C5E1F0-92F5-4A45-837F-5A743C22395F}.Debug|Win32.Build.0 = Debug|Win32
		{62C5E1F0-92F5-4A45-837F-5A743C22395F}.Release|Win32.ActiveCfg = Release|Win32
		{62C5E1F0-92F5-4A45-837F-5A743C22395F}.Release|Win32.Build.0 = Release|Win32
		{62C5E1F0-92F5-4A45-837F-5A743C22395F}.Maya_Debug|Win32.ActiveCfg = Maya_Debug|Win32
		{62C5E1F0-92F5-4A45-837F-5A743C22395F}.Maya_Debug|Win32.Build.0 = Maya_Debug|Win32
		{62C5E1F0-92F5-4A45-837F-5A743C22395F}.Maya_Release|Win32.ActiveCfg = Maya_Release|Win32
		{62C5E1F0-92F5-4A45-837F-5A743C22395F}.Maya_Release|Win32.Build.0 = Maya_Release|Win32
		{C12876E0-DBC6-4474-A75B-34CD99DE8B49}.Debug|Win32.ActiveCfg = Debug|Win32
		{C12876E0-DBC6-4474-A75B-34CD99DE8B49}.Debug|Win32.Build.0 = Debug|Win32
		{C12876E0-DBC6-4474-A75B-34CD99DE8B49}.Release|Win32.ActiveCfg = Release|Win32
		{C12876E0-DBC6-4474-A75B-34CD99DE8B49}.Release|Win32.Build.0 = Release|Win32
		{C12876E0-DBC6-4474-A75B-34CD99DE8B49}.Maya_Debug|Win32.ActiveCfg = Maya_Debug|Win32
		{C12876E0-DBC6-4474-A75B-34CD99DE8B49}.Maya_Debug|Win32.Build.0 = Maya_Debug|Win32
		{C12876E0-DBC6-4474-A75B-34CD99DE8B49}.Maya_Release|Win32.ActiveCfg = Maya_Release|Win32
		{C12876E0-DBC6-4474-A75B-34CD99DE8B49}.Maya_Release|Win32.Build.0 = Maya_Release|Win32
		{EDF1B231-38F8-4E55-9F71-9F01C8307970}.Debug|Win32.ActiveCfg = Debug|Win32
		{EDF1B231-38F8-4E55-9F71-9F01C8307970}.Debug|Win32.Build.0 = Debug|Win32
		{EDF1B231-38F8-4E55-9F71-9F01C8307970}.Release|Win32.ActiveCfg = Release|Win32
		{EDF1B231-38F8-4E55-9F71-9F01C8307970}.Release|Win32.Build.0 = Release|Win32
		{EDF1B231-38F8-4E55-9F71-9F01C8307970}.Maya_Debug|Win32.ActiveCfg = Maya_Debug|Win32
		{EDF1B231-38F8-4E55-9F71-9F01C8307970}.Maya_Debug|Win32.Build.0 = Maya_Debug|Win32
		{EDF1B231-38F8-4E55-9F71-9F01C8307970}.Maya_Release|Win32.ActiveCfg = Maya_Release|Win32
		{EDF1B231-38F8-4E55-9F71-9F01C8307970}.Maya_Release|Win32.Build.0 = Maya_Release|Win32
		{4844D9AB-B65C-4B00-B704-B8528DAADE56}.Debug|Win32.ActiveCfg = Debug|Win32
		{4844D9AB-B65C-4B00-B704-B8528DAADE56}.Debug|Win32.Build.0 = Debug|Win32
		{4844D9AB-B65C-4B00-B704-B8528DAADE56}.Release|Win32.ActiveCfg = Release|Win32
		{4844D9AB-B65C-4B00-B704-B8528DAADE56}.Release|Win32.Build.0 = Release|Win32
		{4844D9AB-B65C-4B00-B704-B8528DAADE56}.Maya_Debug|Win32.ActiveCfg = Maya_Debug|Win32
		{4844D9AB-B65C-4B00-B704-B8528DAADE56}.Maya_Debug|Win32.Build.0 = Maya_Debug|Win32
		{4844D9AB-B65C-4B00-B704-B8528DAADE56}.Maya_Release|Win32.ActiveCfg = Maya_Release|Win32
		{4844D9AB-B65C-4B00-B704-B8528DAADE56}.Maya_Release|Win32.Build.0 = Maya_Release|Win32
		{04B76FBD-8563-4EC0-A9CF-CF454BDABF19}.Debug|Win32.ActiveCfg = Debug|Win32
		{04B76FBD-8563-4EC0-A9CF-CF454BDABF19}.Debug|Win32.Build.0 = Debug|Win32
		{04B76FBD-8563-4EC0-A9CF-CF454BDABF19}.Release|Win32.ActiveCfg = Release|Win32
		{04B76FBD-8563-4EC0-A9CF-CF454BDABF19}.Release|Win32.Build.0 = Release|Win32
		{04B76FBD-8563-4EC0-A9CF-CF454BDABF19}.Maya_Debug|Win32.ActiveCfg = Maya_Debug|Win32
		{04B76FBD-8563-4EC0-A9CF-CF454BDABF19}.Maya_Debug|Win32.Build.0 = Maya_Debug|Win32
		{04B76FBD-8563-4EC0-A9CF-CF454BDABF19}.Maya_Release|Win32.ActiveCfg = Maya_Release|Win32
		{04B76FBD-8563-4EC0-A9CF-CF454BDABF19}.Maya_Release|Win32.Build.0 = Maya_Release|Win32
		{4C41875C-A19B-4A58-BA87-34415D6274E8}.Debug|Win32.ActiveCfg = Debug|Win32
		{4C41875C-A19B-4A58-BA87-34415D6274E8}.Debug|Win32.Build.0 = Debug|Win32
		{4C41875C-A19B-4A58-BA87-34415D6274E8}.Release|Win32.ActiveCfg = Release|Win32
		{4C41875C-A19B-4A58-BA87-34415D6274E8}.Release|Win32.Build.0 = Release|Win32
		{4C41875C-A19B-4A58-BA87-34415D6274E8}.Maya_Debug|Win32.ActiveCfg = Maya_Debug|Win32
		{4C41875C-A19B-4A58-BA87-34415D6274E8}.Maya_Debug|Win32.Build.0 = Maya_Debug|Win32
		{4C41875C-A19B-4A58-BA87-34415D6274E8}.Maya_Release|Win32.ActiveCfg = Maya_Release|Win32
		{4C41875C-A19B-4A58-BA87-34415D6274E8}.Maya_Release|Win32.Build.0 = Maya_Release|Win32
		{BFB5353E-C087-43D7-A239-00F2BC4F81E3}.Debug|Win32.ActiveCfg = Debug|Win32
		{BFB5353E-C087-43D7-A239-00F2BC4F81E3}.Debug|Win32.Build.0 = Debug|Win32
		{BFB5353E-C087-43D7-A239-00F2BC4F81E3}.Release|Win32.ActiveCfg = Release|Win32
		{BFB5353E-C087-43D7-A239-00F2BC4F81E3}.Release|Win32.Build.0 = Release|Win32
		{BFB5353E-C087-43D7-A239-00F2BC4F81E3}.Maya_Debug|Win32.ActiveCfg = Maya_Debug|Win32
		{BFB5353E-C087-43D7-A239-00F2BC4F81E3}.Maya_Debug|Win32.Build.0 = Maya_Debug|Win32
		{BFB5353E-C087-43D7-A239-00F2BC4F81E3}.Maya_Release|Win32.ActiveCfg = Maya_Release|Win32
		{BFB5353E-C087-43D7-A239-00F2BC4F81E3}.Maya_Release|Win32.Build.0 = Maya_Release|Win32
		{B5623BBB-3D76-4E36-B3E7-A87ED3B7C186}.Debug|Win32.ActiveCfg = Debug|Win32
		{B5623BBB-3D76-4E36-B3E7-A87ED3B7C186}.Debug|Win32.Build.0 = Debug|Win32
		{B5623BBB-3D76-4E36-B3E7-A87ED3B7C186}.Release|Win32.ActiveCfg = Release|Win32
		{B5623BBB-3D76-4E36-B3E7-A87ED3B7C186}.Release|Win32.Build.0 = Release|Win32
		{B5623BBB-3D76-4E36-B3E7-A87ED3B7C186}.Maya_Debug|Win32.ActiveCfg = Maya_Debug|Win32
		{B5623BBB-3D76-4E36-B3E7-A87ED3B7C186}.Maya_Debug|Win32.Build.0 = Maya_Debug|Win32
		{B5623BBB-3D76-4E36-B3E7-A87ED3B7C186}.Maya_Release|Win32.ActiveCfg = Maya_Release|Win32
		{B5623BBB-3D76-4E36-B3E7-A87ED3B7C186}.Maya_Release|Win32.Build.0 = Maya_Release|Win32
		{32B3B4E4-0B18-42A3-9383-8B16CBD24C52}.Debug|Win32.ActiveCfg = Debug|Win32
		{32B3B4E4-0B18-42A3-9383-8B16CBD24C52}.Debug|Win32.Build.0 = Debug|Win32
		{32B3B4E4-0B18-42A3-9383-8B16CBD24C52}.Release|Win32.ActiveCfg = Release|Win32
		{32B3B4E4-0B18-42A3-9383-8B16CBD24C52}.Release|Win32.Build.0 = Release|Win32
		{32B3B4E4-0B18-42A3-9383-8B16CBD24C52}.Maya_Debug|Win32.ActiveCfg = Maya_Debug|Win32
		{32B3B4E4-0B18-42A3-9383-8B16CBD24C52}.Maya_Debug|Win32.Build.0 = Maya_Debug|Win32
		{32B3B4E4-0B18-42A3-9383-8B16CBD24C52}.Maya_Release|Win32.ActiveCfg = Maya_Release|Win32
		{32B3B4E4-0B18-42A3-9383-8B16CBD24C52}.Maya_Release|Win32.Build.0 = Maya_Release|Win32
		{F13498B4-9015-4664-9511-B94DFDACC7D8}.Debug|Win32.ActiveCfg = Debug|Win32
		{F13498B4-9015-4664-9511-B94DFDACC7D8}.Debug|Win32.Build.0 = Debug|Win32
		{F13498B4-9015-4664-9511-B94DFDACC7D8}.Release|Win32.ActiveCfg = Release|Win32
		{F13498B4-9015-4664-9511-B94DFDACC7D8}.Release|Win32.Build.0 = Release|Win32
		{F13498B4-9015-4664-9511-B94DFDACC7D8}.Maya_Debug|Win32.ActiveCfg = Maya_Debug|Win32
		{F13498B4-9015-4664-9511-B94DFDACC7D8}.Maya_Debug|Win32.Build.0 = Maya_Debug|Win32
		{F13498B4-9015-4664-9511-B94DFDACC7D8}.Maya_Release|Win32.ActiveCfg = Maya_Release|Win32
		{F13498B4-9015-4664-9511-B94DFDACC7D8}.Maya_Release|Win32.Build.0 = Maya_Release|Win32
		{EAB36960-07DB-4343-94EE-209D9922F5D3}.Debug|Win32.ActiveCfg = Debug|Win32
		{EAB36960-07DB-4343-94EE-209D9922F5D3}.Debug|Win32.Build.0 = Debug|Win32
		{EAB36960-07DB-4343-94EE-209D9922F5D3}.Release|Win32.ActiveCfg = Release|Win32
		{EAB36960-07DB-4343-94EE-209D9922F5D3}.Release|Win32.Build.0 = Release|Win32
		{EAB36960-07DB-4343-94EE-209D9922F5D3}.Maya_Debug|Win32.ActiveCfg = Maya_Debug|Win32
		{EAB36960-07DB-4343-94EE-209D9922F5D3}.Maya_Debug|Win32.Build.0 = Maya_Debug|Win32
		{EAB36960-07DB-4343-94EE-209D9922F5D3}.Maya_Release|Win32.ActiveCfg = Maya_Release|Win32
		{EAB36960-07DB-4343-94EE-209D9922F5D3}.Maya_Release|Win32.Build.0 = Maya_Release|Win32
		{705098DF-7583-4025-A102-56F63728C900}.Debug|Win32.ActiveCfg = Debug|Win32
		{705098DF-7583-4025-A102-56F63728C900}.Debug|Win32.Build.0 = Debug|Win32
		{705098DF-7583-4025-A102-56F63728C900}.Release|Win32.ActiveCfg = Release|Win32
		{705098DF-7583-4025-A102-56F63728C900}.Release|Win32.Build.0 = Release|Win32
		{705098DF-7583-4025-A102-56F63728C900}.Maya_Debug|Win32.ActiveCfg = Maya_Debug|Win32
		{705098DF-7583-4025-A102-56F63728C900}.Maya_Debug|Win32.Build.0 = Maya_Debug|Win32
		{705098DF-7583-4025-A102-56F63728C900}.Maya_Release|Win32.ActiveCfg = Maya_Release|Win32
		{705098DF-7583-4025-A102-56F63728C900}.Maya_Release|Win32.Build.0 = Maya_Release|Win32
		{A37487F8-FC03-49AF-A8D3-028EB3F88617}.Debug|Win32.ActiveCfg = Debug|Win32
		{A37487F8-FC03-49AF-A8D3-028EB3F88617}.Debug|Win32.Build.0 = Debug|Win32
		{A37487F8-FC03-49AF-A8D3-028EB3F88617}.Release|Win32.ActiveCfg = Release|Win32
		{A37487F8-FC03-49AF-A8D3-028EB3F88617}.Release|Win32.Build.0 = Release|Win32
		{A37487F8-FC03-49AF-A8D3-028EB3F88617}.Maya_Debug|Win32.ActiveCfg = Maya_Debug|Win32
		{A37487F8-FC03-49AF-A8D3-028EB3F88617}.Maya_Debug|Win32.Build.0 = Maya_Debug|Win32
		{A37487F8-FC03-49AF-A8D3-028EB3F88617}.Maya_Release|Win32.ActiveCfg = Maya_Release|Win32
		{A37487F8-FC03-49AF-A8D3-028EB3F88617}.Maya_Release|Win32.Build.0 = Maya_Release|Win32
		{41C60DF6-52A1-4324-8C85-9E7134A7953B}.Debug|Win32.ActiveCfg = Debug|Win32
		{41C60DF6-52A1-4324-8C85-9E7134A7953B}.Debug|Win32.Build.0 = Debug|Win32
		{41C60DF6-52A1-4324-8C85-9E7134A7953B}.Release|Win32.ActiveCfg = Release|Win32
		{41C60DF6-52A1-4324-8C85-9E7134A7953B}.Release|Win32.Build.0 = Release|Win32
		{41C60DF6-52A1-4324-8C85-9E7134A7953B}.Maya_Debug|Win32.ActiveCfg = Maya_Debug|Win32
		{41C60DF6-52A1-4324-8C85-9E7134A7953B}.Maya_Debug|Win32.Build.0 = Maya_Debug|Win32
		{41C60DF6-52A1-4324-8C85-9E7134A7953B}.Maya_Release|Win32.ActiveCfg = Maya_Release|Win32
		{41C60DF6-52A1-4324-8C85-9E7134A7953B}.Maya_Release|Win32.Build.0 = Maya_Release|Win32
		{C10801E3-DAC0-4966-A9B1-F0CC0CE9D236}.Debug|Win32.ActiveCfg = Debug|Win32
		{C10801E3-DAC0-4966-A9B1-F0CC0CE9D236}.Debug|Win32.Build.0 = Debug|Win32
		{C10801E3-DAC0-4966-A9B1-F0CC0CE9D236}.Release|Win32.ActiveCfg = Release|Win32
		{C10801E3-DAC0-4966-A9B1-F0CC0CE9D236}.Release|Win32.Build.0 = Release|Win32
		{C10801E3-DAC0-4966-A9B1-F0CC0CE9D236}.Maya_Debug|Win32.ActiveCfg = Maya_Debug|Win32
		{C10801E3-DAC0-4966-A9B1-F0CC0CE9D236}.Maya_Debug|Win32.Build.0 = Maya_Debug|Win32
		{C10801E3-DAC0-4966-A9B1-F0CC0CE9D236}.Maya_Release|Win32.ActiveCfg = Maya_Release|Win32
		{C10801E3-DAC0-4966-A9B1-F0CC0CE9D236}.Maya_Release|Win32.Build.0 = Maya_Release|Win32
		{B183F1BA-DFBC-4F10-8A6E-4E26D633B4BA}.Debug|Win32.ActiveCfg = Debug|Win32
		{B183F1BA-DFBC-4F10-8A6E-4E26D633B4BA}.Debug|Win32.Build.0 = Debug|Win32
		{B183F1BA-DFBC-4F10-8A6E-4E26D633B4BA}.Release|Win32.ActiveCfg = Release|Win32
		{B183F1BA-DFBC-4F10-8A6E-4E26D633B4BA}.Release|Win32.Build.0 = Release|Win32
		{B183F1BA-DFBC-4F10-8A6E-4E26D633B4BA}.Maya_Debug|Win32.ActiveCfg = Maya_Debug|Win32
		{B183F1BA-DFBC-4F10-8A6E-4E26D633B4BA}.Maya_Debug|Win32.Build.0 = Maya_Debug|Win32
		{B183F1BA-DFBC-4F10-8A6E-4E26D633B4BA}.Maya_Release|Win32.ActiveCfg = Maya_Release|Win32
		{B183F1BA-DFBC-4F10-8A6E-4E26D633B4BA}.Maya_Release|Win32.Build.0 = Maya_Release|Win32
		{A3120BD8-E1A2-4219-B6EC-561A2088BB55}.Debug|Win32.ActiveCfg = Debug|Win32
		{A3120BD8-E1A2-4219-B6EC-561A2088BB55}.Debug|Win32.Build.0 = Debug|Win32
		{A3120BD8-E1A2-4219-B6EC-561A2088BB55}.Release|Win32.ActiveCfg = Release|Win32
		{A3120BD8-E1A2-4219-B6EC-561A2088BB55}.Release|Win32.Build.0 = Release|Win32
		{A3120BD8-E1A2-4219-B6EC-561A2088BB55}.Maya_Debug|Win32.ActiveCfg = Maya_Debug|Win32
		{A3120BD8-E1A2-4219-B6EC-561A2088BB55}.Maya_Debug|Win32.Build.0 = Maya_Debug|Win32
		{A3120BD8-E1A2-4219-B6EC-561A2088BB55}.Maya_Release|Win32.ActiveCfg = Maya_Release|Win32
		{A3120BD8-E1A2-4219-B6EC-561A2088BB55}.Maya_Release|Win32.Build.0 = Maya_Release|Win32
		{067820E2-9AF8-44B9-9DD7-42D9C0B4E9F3}.Debug|Win32.ActiveCfg = Debug|Win32
		{067820E2-9AF8-44B9-9DD7-42D9C0B4E9F3}.Debug|Win32.Build.0 = Debug|Win32
		{067820E2-9AF8-44B9-9DD7-42D9C0B4E9F3}.Release|Win32.ActiveCfg = Release|Win32
		{067820E2-9AF8-44B9-9DD7-42D9C0B4E9F3}.Release|Win32.Build.0 = Release|Win32
		{067820E2-9AF8-44B9-9DD7-42D9C0B4E9F3}.Maya_Debug|Win32.ActiveCfg = Maya_Debug|Win32
		{067820E2-9AF8-44B9-9DD7-42D9C0B4E9F3}.Maya_Debug|Win32.Build.0 = Maya_Debug|Win32
		{067820E2-9AF8-44B9-9DD7-42D9C0B4E9F3}.Maya_Release|Win32.ActiveCfg = Maya_Release|Win32
		{067820E2-9AF8-44B9-9DD7-42D9C0B4E9F3}.Maya_Release|Win32.Build.0 = Maya_Release|Win32
		{7BE22BEA-5E6E-4EA4-9688-1307E41D9C44}.Debug|Win32.ActiveCfg = Debug|Win32
		{7BE22BEA-5E6E-4EA4-9688-1307E41D9C44}.Debug|Win32.Build.0 = Debug|Win32
		{7BE22BEA-5E6E-4EA4-9688-1307E41D9C44}.Release|Win32.ActiveCfg = Release|Win32
		{7BE22BEA-5E6E-4EA4-9688-1307E41D9C44}.Release|Win32.Build.0 = Release|Win32
		{7BE22BEA-5E6E-4EA4-9688-1307E41D9C44}.Maya_Debug|Win32.ActiveCfg = Maya_Debug|Win32
		{7BE22BEA-5E6E-4EA4-9688-1307E41D9C44}.Maya_Debug|Win32.Build.0 = Maya_Debug|Win32
		{7BE22BEA-5E6E-4EA4-9688-1307E41D9C44}.Maya_Release|Win32.ActiveCfg = Maya_Release|Win32
		{7BE22BEA-5E6E-4EA4-9688-1307E41D9C44}.Maya_Release|Win32.Build.0 = Maya_Release|Win32
		{F92628C1-1503-4286-ADC4-92834DBE551C}.Debug|Win32.ActiveCfg = Debug|Win32
		{F92628C1-1503-4286-ADC4-92834DBE551C}.Debug|Win32.Build.0 = Debug|Win32
		{F92628C1-1503-4286-ADC4-92834DBE551C}.Release|Win32.ActiveCfg = Release|Win32
		{F92628C1-1503-4286-ADC4-92834DBE551C}.Release|Win32.Build.0 = Release|Win32
		{F92628C1-1503-4286-ADC4-92834DBE551C}.Maya_Debug|Win32.ActiveCfg = Maya_Debug|Win32
		{F92628C1-1503-4286-ADC4-92834DBE551C}.Maya_Debug|Win32.Build.0 = Maya_Debug|Win32
		{F92628C1-1503-4286-ADC4-92834DBE551C}.Maya_Release|Win32.ActiveCfg = Maya_Release|Win32
		{F92628C1-1503-4286-ADC4-92834DBE551C}.Maya_Release|Win32.Build.0 = Maya_Release|Win32
		{7AFD8C9C-1759-41C2-80CA-42BA199C06D7}.Debug|Win32.ActiveCfg = Debug|Win32
		{7AFD8C9C-1759-41C2-80CA-42BA199C06D7}.Debug|Win32.Build.0 = Debug|Win32
		{7AFD8C9C-1759-41C2-80CA-42BA199C06D7}.Release|Win32.ActiveCfg = Release|Win32
		{7AFD8C9C-1759-41C2-80CA-42BA199C06D7}.Release|Win32.Build.0 = Release|Win32
		{7AFD8C9C-1759-41C2-80CA-42BA199C06D7}.Maya_Debug|Win32.ActiveCfg = Maya_Debug|Win32
		{7AFD8C9C-1759-41C2-80CA-42BA199C06D7}.Maya_Debug|Win32.Build.0 = Maya_Debug|Win32
		{7AFD8C9C-1759-41C2-80CA-42BA199C06D7}.Maya_Release|Win32.ActiveCfg = Maya_Release|Win32
		{7AFD8C9C-1759-41C2-80CA-42BA199C06D7}.Maya_Release|Win32.Build.0 = Maya_Release|Win32
	EndGlobalSection
	GlobalSection(SolutionProperties) = preSolution
		HideSolutionNode = FALSE
	EndGlobalSection
	GlobalSection(NestedProjects) = preSolution
		{D2E681A2-4D4D-45A7-98C7-795F9E23E76F} = {832A854F-2030-4EA4-86FE-EDEEC017E78E}
		{40C0A9BA-A4B5-40A5-8197-217DDB45E683} = {798777e9-b38c-4974-bee3-b1cd45f6a1e6}
		{A7044D67-7083-483B-97A1-C5CA519AFD9F} = {832A854F-2030-4EA4-86FE-EDEEC017E78E}
		{AC83FC84-2FDE-4530-BA3B-D04A51195335} = {832A854F-2030-4EA4-86FE-EDEEC017E78E}
		{70D77750-32BC-4331-A191-F7D91D454341} = {832A854F-2030-4EA4-86FE-EDEEC017E78E}
		{9CB2993F-AAAB-4930-B613-E0FB77890816} = {798777e9-b38c-4974-bee3-b1cd45f6a1e6}
		{79089910-6BB0-48FB-B033-568E35B10CA1} = {832A854F-2030-4EA4-86FE-EDEEC017E78E}
		{62C5E1F0-92F5-4A45-837F-5A743C22395F} = {798777e9-b38c-4974-bee3-b1cd45f6a1e6}
		{C12876E0-DBC6-4474-A75B-34CD99DE8B49} = {832A854F-2030-4EA4-86FE-EDEEC017E78E}
		{EDF1B231-38F8-4E55-9F71-9F01C8307970} = {798777e9-b38c-4974-bee3-b1cd45f6a1e6}
		{4844D9AB-B65C-4B00-B704-B8528DAADE56} = {832A854F-2030-4EA4-86FE-EDEEC017E78E}
		{04B76FBD-8563-4EC0-A9CF-CF454BDABF19} = {798777e9-b38c-4974-bee3-b1cd45f6a1e6}
		{4C41875C-A19B-4A58-BA87-34415D6274E8} = {832A854F-2030-4EA4-86FE-EDEEC017E78E}
		{BFB5353E-C087-43D7-A239-00F2BC4F81E3} = {798777e9-b38c-4974-bee3-b1cd45f6a1e6}
		{B5623BBB-3D76-4E36-B3E7-A87ED3B7C186} = {832A854F-2030-4EA4-86FE-EDEEC017E78E}
		{32B3B4E4-0B18-42A3-9383-8B16CBD24C52} = {798777e9-b38c-4974-bee3-b1cd45f6a1e6}
		{F13498B4-9015-4664-9511-B94DFDACC7D8} = {832A854F-2030-4EA4-86FE-EDEEC017E78E}
		{EAB36960-07DB-4343-94EE-209D9922F5D3} = {798777e9-b38c-4974-bee3-b1cd45f6a1e6}
		{705098DF-7583-4025-A102-56F63728C900} = {832A854F-2030-4EA4-86FE-EDEEC017E78E}
		{A37487F8-FC03-49AF-A8D3-028EB3F88617} = {798777e9-b38c-4974-bee3-b1cd45f6a1e6}
		{41C60DF6-52A1-4324-8C85-9E7134A7953B} = {832A854F-2030-4EA4-86FE-EDEEC017E78E}
		{C10801E3-DAC0-4966-A9B1-F0CC0CE9D236} = {798777e9-b38c-4974-bee3-b1cd45f6a1e6}
		{B183F1BA-DFBC-4F10-8A6E-4E26D633B4BA} = {832A854F-2030-4EA4-86FE-EDEEC017E78E}
		{A3120BD8-E1A2-4219-B6EC-561A2088BB55} = {798777e9-b38c-4974-bee3-b1cd45f6a1e6}
		{067820E2-9AF8-44B9-9DD7-42D9C0B4E9F3} = {832A854F-2030-4EA4-86FE-EDEEC017E78E}
		{7BE22BEA-5E6E-4EA4-9688-1307E41D9C44} = {798777e9-b38c-4974-bee3-b1cd45f6a1e6}
		{F92628C1-1503-4286-ADC4-92834DBE551C} = {832A854F-2030-4EA4-86FE-EDEEC017E78E}
		{7AFD8C9C-1759-41C2-80CA-42BA199C06D7} = {832A854F-2030-4EA4-86FE-EDEEC017E78E}
	EndGlobalSection
EndGlobal
