
Microsoft Visual Studio Solution File, Format Version 10.00
# Visual Studio 2008
Project("{8BC9CEB8-8B4A-11D0-8D11-00A0C91BC942}") = "editor.net", "editor.net.vcproj", "{9F13EA2A-BDD5-46D1-9B9B-E00F4DD3EF39}"
	ProjectSection(ProjectDependencies) = postProject
		{F13498B4-9015-4664-9511-B94DFDACC7D8} = {F13498B4-9015-4664-9511-B94DFDACC7D8}
		{067820E2-9AF8-44B9-9DD7-42D9C0B4E9F3} = {067820E2-9AF8-44B9-9DD7-42D9C0B4E9F3}
		{B45E0219-0203-4FE1-A123-30B4179A95CF} = {B45E0219-0203-4FE1-A123-30B4179A95CF}
		{624CD04B-AC21-4492-A5B0-E667918918EB} = {624CD04B-AC21-4492-A5B0-E667918918EB}
		{02C53B78-42C2-44B9-9A38-AF8CE275AD9E} = {02C53B78-42C2-44B9-9A38-AF8CE275AD9E}
		{CFEC2519-384F-41D8-9908-12785BB6FCEF} = {CFEC2519-384F-41D8-9908-12785BB6FCEF}
		{1A407BD6-A310-4D67-91D6-8D385DC05E57} = {1A407BD6-A310-4D67-91D6-8D385DC05E57}
		{0CD03495-AE37-4084-A0C3-7479D6813DB5} = {0CD03495-AE37-4084-A0C3-7479D6813DB5}
		{29731B02-608D-4BDF-9A82-392F500EA2E8} = {29731B02-608D-4BDF-9A82-392F500EA2E8}
		{D9825F53-6ACF-417A-B133-A6347537E680} = {D9825F53-6ACF-417A-B133-A6347537E680}
		{FA7621FE-9BAE-40D0-9AB9-B1905059AA18} = {FA7621FE-9BAE-40D0-9AB9-B1905059AA18}
		{64B7FF2E-BC1E-4381-86A1-9748F66DC4B6} = {64B7FF2E-BC1E-4381-86A1-9748F66DC4B6}
	EndProjectSection
EndProject
Project("{8BC9CEB8-8B4A-11D0-8D11-00A0C91BC942}") = "render_win32", "render_win32.vcproj", "{FA7621FE-9BAE-40D0-9AB9-B1905059AA18}"
EndProject
Project("{2150E333-8FDC-42A3-9474-1A3956D46DE8}") = "sdk", "sdk", "{DAE7CF97-1A01-4EAB-A0B3-D7D70BC09FCE}"
EndProject
Project("{8BC9CEB8-8B4A-11D0-8D11-00A0C91BC942}") = "foundation_win32", "foundation_win32.vcproj", "{0CD03495-AE37-4084-A0C3-7479D6813DB5}"
EndProject
Project("{8BC9CEB8-8B4A-11D0-8D11-00A0C91BC942}") = "render_animjobsample_win32", "render_animjobsample_win32.vcproj", "{B45E0219-0203-4FE1-A123-30B4179A95CF}"
EndProject
Project("{8BC9CEB8-8B4A-11D0-8D11-00A0C91BC942}") = "render_animjobsamplemix_win32", "render_animjobsamplemix_win32.vcproj", "{1A407BD6-A310-4D67-91D6-8D385DC05E57}"
EndProject
Project("{8BC9CEB8-8B4A-11D0-8D11-00A0C91BC942}") = "render_charevalskeletonjob_win32", "render_charevalskeletonjob_win32.vcproj", "{02C53B78-42C2-44B9-9A38-AF8CE275AD9E}"
EndProject
Project("{8BC9CEB8-8B4A-11D0-8D11-00A0C91BC942}") = "render_particlejob_win32", "render_particlejob_win32.vcproj", "{D9825F53-6ACF-417A-B133-A6347537E680}"
EndProject
Project("{8BC9CEB8-8B4A-11D0-8D11-00A0C91BC942}") = "render_visibilityboxsystemjob_win32", "render_visibilityboxsystemjob_win32.vcproj", "{CFEC2519-384F-41D8-9908-12785BB6FCEF}"
EndProject
Project("{8BC9CEB8-8B4A-11D0-8D11-00A0C91BC942}") = "render_visibilityquadtreejob_win32", "render_visibilityquadtreejob_win32.vcproj", "{64B7FF2E-BC1E-4381-86A1-9748F66DC4B6}"
EndProject
Project("{8BC9CEB8-8B4A-11D0-8D11-00A0C91BC942}") = "zlib_win32", "zlib_win32.vcproj", "{624CD04B-AC21-4492-A5B0-E667918918EB}"
EndProject
Project("{8BC9CEB8-8B4A-11D0-8D11-00A0C91BC942}") = "tinyxml_win32", "tinyxml_win32.vcproj", "{29731B02-608D-4BDF-9A82-392F500EA2E8}"
EndProject
Project("{8BC9CEB8-8B4A-11D0-8D11-00A0C91BC942}") = "vibration_win32", "vibration_win32.vcproj", "{F13498B4-9015-4664-9511-B94DFDACC7D8}"
EndProject
Project("{8BC9CEB8-8B4A-11D0-8D11-00A0C91BC942}") = "framecapture_win32", "framecapture_win32.vcproj", "{067820E2-9AF8-44B9-9DD7-42D9C0B4E9F3}"
EndProject
Project("{FAE04EC0-301F-11D3-BF4B-00C04F79EFBC}") = "WorldEditor", "..\editors\worldeditor\WorldEditor.csproj", "{FD3E4E08-B7BF-4BA7-9F78-421BDAA6F57A}"
EndProject
Global
	GlobalSection(SolutionConfigurationPlatforms) = preSolution
		Debug|Any CPU = Debug|Any CPU
		Debug|Mixed Platforms = Debug|Mixed Platforms
		Debug|Win32 = Debug|Win32
		Maya_Debug|Any CPU = Maya_Debug|Any CPU
		Maya_Debug|Mixed Platforms = Maya_Debug|Mixed Platforms
		Maya_Debug|Win32 = Maya_Debug|Win32
		Maya_Release|Any CPU = Maya_Release|Any CPU
		Maya_Release|Mixed Platforms = Maya_Release|Mixed Platforms
		Maya_Release|Win32 = Maya_Release|Win32
		Release|Any CPU = Release|Any CPU
		Release|Mixed Platforms = Release|Mixed Platforms
		Release|Win32 = Release|Win32
	EndGlobalSection
	GlobalSection(ProjectConfigurationPlatforms) = postSolution
		{9F13EA2A-BDD5-46D1-9B9B-E00F4DD3EF39}.Debug|Any CPU.ActiveCfg = Debug|Win32
		{9F13EA2A-BDD5-46D1-9B9B-E00F4DD3EF39}.Debug|Mixed Platforms.ActiveCfg = Debug|Win32
		{9F13EA2A-BDD5-46D1-9B9B-E00F4DD3EF39}.Debug|Mixed Platforms.Build.0 = Debug|Win32
		{9F13EA2A-BDD5-46D1-9B9B-E00F4DD3EF39}.Debug|Win32.ActiveCfg = Debug|Win32
		{9F13EA2A-BDD5-46D1-9B9B-E00F4DD3EF39}.Debug|Win32.Build.0 = Debug|Win32
		{9F13EA2A-BDD5-46D1-9B9B-E00F4DD3EF39}.Maya_Debug|Any CPU.ActiveCfg = Debug|Win32
		{9F13EA2A-BDD5-46D1-9B9B-E00F4DD3EF39}.Maya_Debug|Mixed Platforms.ActiveCfg = Debug|Win32
		{9F13EA2A-BDD5-46D1-9B9B-E00F4DD3EF39}.Maya_Debug|Mixed Platforms.Build.0 = Debug|Win32
		{9F13EA2A-BDD5-46D1-9B9B-E00F4DD3EF39}.Maya_Debug|Win32.ActiveCfg = Debug|Win32
		{9F13EA2A-BDD5-46D1-9B9B-E00F4DD3EF39}.Maya_Debug|Win32.Build.0 = Debug|Win32
		{9F13EA2A-BDD5-46D1-9B9B-E00F4DD3EF39}.Maya_Release|Any CPU.ActiveCfg = Release|Win32
		{9F13EA2A-BDD5-46D1-9B9B-E00F4DD3EF39}.Maya_Release|Mixed Platforms.ActiveCfg = Release|Win32
		{9F13EA2A-BDD5-46D1-9B9B-E00F4DD3EF39}.Maya_Release|Mixed Platforms.Build.0 = Release|Win32
		{9F13EA2A-BDD5-46D1-9B9B-E00F4DD3EF39}.Maya_Release|Win32.ActiveCfg = Release|Win32
		{9F13EA2A-BDD5-46D1-9B9B-E00F4DD3EF39}.Maya_Release|Win32.Build.0 = Release|Win32
		{9F13EA2A-BDD5-46D1-9B9B-E00F4DD3EF39}.Release|Any CPU.ActiveCfg = Release|Win32
		{9F13EA2A-BDD5-46D1-9B9B-E00F4DD3EF39}.Release|Mixed Platforms.ActiveCfg = Release|Win32
		{9F13EA2A-BDD5-46D1-9B9B-E00F4DD3EF39}.Release|Mixed Platforms.Build.0 = Release|Win32
		{9F13EA2A-BDD5-46D1-9B9B-E00F4DD3EF39}.Release|Win32.ActiveCfg = Release|Win32
		{9F13EA2A-BDD5-46D1-9B9B-E00F4DD3EF39}.Release|Win32.Build.0 = Release|Win32
		{FA7621FE-9BAE-40D0-9AB9-B1905059AA18}.Debug|Any CPU.ActiveCfg = Debug|Win32
		{FA7621FE-9BAE-40D0-9AB9-B1905059AA18}.Debug|Mixed Platforms.ActiveCfg = Debug|Win32
		{FA7621FE-9BAE-40D0-9AB9-B1905059AA18}.Debug|Mixed Platforms.Build.0 = Debug|Win32
		{FA7621FE-9BAE-40D0-9AB9-B1905059AA18}.Debug|Win32.ActiveCfg = Debug|Win32
		{FA7621FE-9BAE-40D0-9AB9-B1905059AA18}.Debug|Win32.Build.0 = Debug|Win32
		{FA7621FE-9BAE-40D0-9AB9-B1905059AA18}.Maya_Debug|Any CPU.ActiveCfg = Maya_Debug|Win32
		{FA7621FE-9BAE-40D0-9AB9-B1905059AA18}.Maya_Debug|Mixed Platforms.ActiveCfg = Maya_Debug|Win32
		{FA7621FE-9BAE-40D0-9AB9-B1905059AA18}.Maya_Debug|Mixed Platforms.Build.0 = Maya_Debug|Win32
		{FA7621FE-9BAE-40D0-9AB9-B1905059AA18}.Maya_Debug|Win32.ActiveCfg = Maya_Debug|Win32
		{FA7621FE-9BAE-40D0-9AB9-B1905059AA18}.Maya_Debug|Win32.Build.0 = Maya_Debug|Win32
		{FA7621FE-9BAE-40D0-9AB9-B1905059AA18}.Maya_Release|Any CPU.ActiveCfg = Maya_Release|Win32
		{FA7621FE-9BAE-40D0-9AB9-B1905059AA18}.Maya_Release|Mixed Platforms.ActiveCfg = Maya_Release|Win32
		{FA7621FE-9BAE-40D0-9AB9-B1905059AA18}.Maya_Release|Mixed Platforms.Build.0 = Maya_Release|Win32
		{FA7621FE-9BAE-40D0-9AB9-B1905059AA18}.Maya_Release|Win32.ActiveCfg = Maya_Release|Win32
		{FA7621FE-9BAE-40D0-9AB9-B1905059AA18}.Maya_Release|Win32.Build.0 = Maya_Release|Win32
		{FA7621FE-9BAE-40D0-9AB9-B1905059AA18}.Release|Any CPU.ActiveCfg = Release|Win32
		{FA7621FE-9BAE-40D0-9AB9-B1905059AA18}.Release|Mixed Platforms.ActiveCfg = Release|Win32
		{FA7621FE-9BAE-40D0-9AB9-B1905059AA18}.Release|Mixed Platforms.Build.0 = Release|Win32
		{FA7621FE-9BAE-40D0-9AB9-B1905059AA18}.Release|Win32.ActiveCfg = Release|Win32
		{FA7621FE-9BAE-40D0-9AB9-B1905059AA18}.Release|Win32.Build.0 = Release|Win32
		{0CD03495-AE37-4084-A0C3-7479D6813DB5}.Debug|Any CPU.ActiveCfg = Debug|Win32
		{0CD03495-AE37-4084-A0C3-7479D6813DB5}.Debug|Mixed Platforms.ActiveCfg = Debug|Win32
		{0CD03495-AE37-4084-A0C3-7479D6813DB5}.Debug|Mixed Platforms.Build.0 = Debug|Win32
		{0CD03495-AE37-4084-A0C3-7479D6813DB5}.Debug|Win32.ActiveCfg = Debug|Win32
		{0CD03495-AE37-4084-A0C3-7479D6813DB5}.Debug|Win32.Build.0 = Debug|Win32
		{0CD03495-AE37-4084-A0C3-7479D6813DB5}.Maya_Debug|Any CPU.ActiveCfg = Maya_Debug|Win32
		{0CD03495-AE37-4084-A0C3-7479D6813DB5}.Maya_Debug|Mixed Platforms.ActiveCfg = Maya_Debug|Win32
		{0CD03495-AE37-4084-A0C3-7479D6813DB5}.Maya_Debug|Mixed Platforms.Build.0 = Maya_Debug|Win32
		{0CD03495-AE37-4084-A0C3-7479D6813DB5}.Maya_Debug|Win32.ActiveCfg = Maya_Debug|Win32
		{0CD03495-AE37-4084-A0C3-7479D6813DB5}.Maya_Debug|Win32.Build.0 = Maya_Debug|Win32
		{0CD03495-AE37-4084-A0C3-7479D6813DB5}.Maya_Release|Any CPU.ActiveCfg = Maya_Release|Win32
		{0CD03495-AE37-4084-A0C3-7479D6813DB5}.Maya_Release|Mixed Platforms.ActiveCfg = Maya_Release|Win32
		{0CD03495-AE37-4084-A0C3-7479D6813DB5}.Maya_Release|Mixed Platforms.Build.0 = Maya_Release|Win32
		{0CD03495-AE37-4084-A0C3-7479D6813DB5}.Maya_Release|Win32.ActiveCfg = Maya_Release|Win32
		{0CD03495-AE37-4084-A0C3-7479D6813DB5}.Maya_Release|Win32.Build.0 = Maya_Release|Win32
		{0CD03495-AE37-4084-A0C3-7479D6813DB5}.Release|Any CPU.ActiveCfg = Release|Win32
		{0CD03495-AE37-4084-A0C3-7479D6813DB5}.Release|Mixed Platforms.ActiveCfg = Release|Win32
		{0CD03495-AE37-4084-A0C3-7479D6813DB5}.Release|Mixed Platforms.Build.0 = Release|Win32
		{0CD03495-AE37-4084-A0C3-7479D6813DB5}.Release|Win32.ActiveCfg = Release|Win32
		{0CD03495-AE37-4084-A0C3-7479D6813DB5}.Release|Win32.Build.0 = Release|Win32
		{B45E0219-0203-4FE1-A123-30B4179A95CF}.Debug|Any CPU.ActiveCfg = Debug|Win32
		{B45E0219-0203-4FE1-A123-30B4179A95CF}.Debug|Mixed Platforms.ActiveCfg = Debug|Win32
		{B45E0219-0203-4FE1-A123-30B4179A95CF}.Debug|Mixed Platforms.Build.0 = Debug|Win32
		{B45E0219-0203-4FE1-A123-30B4179A95CF}.Debug|Win32.ActiveCfg = Debug|Win32
		{B45E0219-0203-4FE1-A123-30B4179A95CF}.Debug|Win32.Build.0 = Debug|Win32
		{B45E0219-0203-4FE1-A123-30B4179A95CF}.Maya_Debug|Any CPU.ActiveCfg = Maya_Debug|Win32
		{B45E0219-0203-4FE1-A123-30B4179A95CF}.Maya_Debug|Mixed Platforms.ActiveCfg = Maya_Debug|Win32
		{B45E0219-0203-4FE1-A123-30B4179A95CF}.Maya_Debug|Mixed Platforms.Build.0 = Maya_Debug|Win32
		{B45E0219-0203-4FE1-A123-30B4179A95CF}.Maya_Debug|Win32.ActiveCfg = Maya_Debug|Win32
		{B45E0219-0203-4FE1-A123-30B4179A95CF}.Maya_Debug|Win32.Build.0 = Maya_Debug|Win32
		{B45E0219-0203-4FE1-A123-30B4179A95CF}.Maya_Release|Any CPU.ActiveCfg = Maya_Release|Win32
		{B45E0219-0203-4FE1-A123-30B4179A95CF}.Maya_Release|Mixed Platforms.ActiveCfg = Maya_Release|Win32
		{B45E0219-0203-4FE1-A123-30B4179A95CF}.Maya_Release|Mixed Platforms.Build.0 = Maya_Release|Win32
		{B45E0219-0203-4FE1-A123-30B4179A95CF}.Maya_Release|Win32.ActiveCfg = Maya_Release|Win32
		{B45E0219-0203-4FE1-A123-30B4179A95CF}.Maya_Release|Win32.Build.0 = Maya_Release|Win32
		{B45E0219-0203-4FE1-A123-30B4179A95CF}.Release|Any CPU.ActiveCfg = Release|Win32
		{B45E0219-0203-4FE1-A123-30B4179A95CF}.Release|Mixed Platforms.ActiveCfg = Release|Win32
		{B45E0219-0203-4FE1-A123-30B4179A95CF}.Release|Mixed Platforms.Build.0 = Release|Win32
		{B45E0219-0203-4FE1-A123-30B4179A95CF}.Release|Win32.ActiveCfg = Release|Win32
		{B45E0219-0203-4FE1-A123-30B4179A95CF}.Release|Win32.Build.0 = Release|Win32
		{1A407BD6-A310-4D67-91D6-8D385DC05E57}.Debug|Any CPU.ActiveCfg = Debug|Win32
		{1A407BD6-A310-4D67-91D6-8D385DC05E57}.Debug|Mixed Platforms.ActiveCfg = Debug|Win32
		{1A407BD6-A310-4D67-91D6-8D385DC05E57}.Debug|Mixed Platforms.Build.0 = Debug|Win32
		{1A407BD6-A310-4D67-91D6-8D385DC05E57}.Debug|Win32.ActiveCfg = Debug|Win32
		{1A407BD6-A310-4D67-91D6-8D385DC05E57}.Debug|Win32.Build.0 = Debug|Win32
		{1A407BD6-A310-4D67-91D6-8D385DC05E57}.Maya_Debug|Any CPU.ActiveCfg = Maya_Debug|Win32
		{1A407BD6-A310-4D67-91D6-8D385DC05E57}.Maya_Debug|Mixed Platforms.ActiveCfg = Maya_Debug|Win32
		{1A407BD6-A310-4D67-91D6-8D385DC05E57}.Maya_Debug|Mixed Platforms.Build.0 = Maya_Debug|Win32
		{1A407BD6-A310-4D67-91D6-8D385DC05E57}.Maya_Debug|Win32.ActiveCfg = Maya_Debug|Win32
		{1A407BD6-A310-4D67-91D6-8D385DC05E57}.Maya_Debug|Win32.Build.0 = Maya_Debug|Win32
		{1A407BD6-A310-4D67-91D6-8D385DC05E57}.Maya_Release|Any CPU.ActiveCfg = Maya_Release|Win32
		{1A407BD6-A310-4D67-91D6-8D385DC05E57}.Maya_Release|Mixed Platforms.ActiveCfg = Maya_Release|Win32
		{1A407BD6-A310-4D67-91D6-8D385DC05E57}.Maya_Release|Mixed Platforms.Build.0 = Maya_Release|Win32
		{1A407BD6-A310-4D67-91D6-8D385DC05E57}.Maya_Release|Win32.ActiveCfg = Maya_Release|Win32
		{1A407BD6-A310-4D67-91D6-8D385DC05E57}.Maya_Release|Win32.Build.0 = Maya_Release|Win32
		{1A407BD6-A310-4D67-91D6-8D385DC05E57}.Release|Any CPU.ActiveCfg = Release|Win32
		{1A407BD6-A310-4D67-91D6-8D385DC05E57}.Release|Mixed Platforms.ActiveCfg = Release|Win32
		{1A407BD6-A310-4D67-91D6-8D385DC05E57}.Release|Mixed Platforms.Build.0 = Release|Win32
		{1A407BD6-A310-4D67-91D6-8D385DC05E57}.Release|Win32.ActiveCfg = Release|Win32
		{1A407BD6-A310-4D67-91D6-8D385DC05E57}.Release|Win32.Build.0 = Release|Win32
		{02C53B78-42C2-44B9-9A38-AF8CE275AD9E}.Debug|Any CPU.ActiveCfg = Debug|Win32
		{02C53B78-42C2-44B9-9A38-AF8CE275AD9E}.Debug|Mixed Platforms.ActiveCfg = Debug|Win32
		{02C53B78-42C2-44B9-9A38-AF8CE275AD9E}.Debug|Mixed Platforms.Build.0 = Debug|Win32
		{02C53B78-42C2-44B9-9A38-AF8CE275AD9E}.Debug|Win32.ActiveCfg = Debug|Win32
		{02C53B78-42C2-44B9-9A38-AF8CE275AD9E}.Debug|Win32.Build.0 = Debug|Win32
		{02C53B78-42C2-44B9-9A38-AF8CE275AD9E}.Maya_Debug|Any CPU.ActiveCfg = Maya_Debug|Win32
		{02C53B78-42C2-44B9-9A38-AF8CE275AD9E}.Maya_Debug|Mixed Platforms.ActiveCfg = Maya_Debug|Win32
		{02C53B78-42C2-44B9-9A38-AF8CE275AD9E}.Maya_Debug|Mixed Platforms.Build.0 = Maya_Debug|Win32
		{02C53B78-42C2-44B9-9A38-AF8CE275AD9E}.Maya_Debug|Win32.ActiveCfg = Maya_Debug|Win32
		{02C53B78-42C2-44B9-9A38-AF8CE275AD9E}.Maya_Debug|Win32.Build.0 = Maya_Debug|Win32
		{02C53B78-42C2-44B9-9A38-AF8CE275AD9E}.Maya_Release|Any CPU.ActiveCfg = Maya_Release|Win32
		{02C53B78-42C2-44B9-9A38-AF8CE275AD9E}.Maya_Release|Mixed Platforms.ActiveCfg = Maya_Release|Win32
		{02C53B78-42C2-44B9-9A38-AF8CE275AD9E}.Maya_Release|Mixed Platforms.Build.0 = Maya_Release|Win32
		{02C53B78-42C2-44B9-9A38-AF8CE275AD9E}.Maya_Release|Win32.ActiveCfg = Maya_Release|Win32
		{02C53B78-42C2-44B9-9A38-AF8CE275AD9E}.Maya_Release|Win32.Build.0 = Maya_Release|Win32
		{02C53B78-42C2-44B9-9A38-AF8CE275AD9E}.Release|Any CPU.ActiveCfg = Release|Win32
		{02C53B78-42C2-44B9-9A38-AF8CE275AD9E}.Release|Mixed Platforms.ActiveCfg = Release|Win32
		{02C53B78-42C2-44B9-9A38-AF8CE275AD9E}.Release|Mixed Platforms.Build.0 = Release|Win32
		{02C53B78-42C2-44B9-9A38-AF8CE275AD9E}.Release|Win32.ActiveCfg = Release|Win32
		{02C53B78-42C2-44B9-9A38-AF8CE275AD9E}.Release|Win32.Build.0 = Release|Win32
		{D9825F53-6ACF-417A-B133-A6347537E680}.Debug|Any CPU.ActiveCfg = Debug|Win32
		{D9825F53-6ACF-417A-B133-A6347537E680}.Debug|Mixed Platforms.ActiveCfg = Debug|Win32
		{D9825F53-6ACF-417A-B133-A6347537E680}.Debug|Mixed Platforms.Build.0 = Debug|Win32
		{D9825F53-6ACF-417A-B133-A6347537E680}.Debug|Win32.ActiveCfg = Debug|Win32
		{D9825F53-6ACF-417A-B133-A6347537E680}.Debug|Win32.Build.0 = Debug|Win32
		{D9825F53-6ACF-417A-B133-A6347537E680}.Maya_Debug|Any CPU.ActiveCfg = Maya_Debug|Win32
		{D9825F53-6ACF-417A-B133-A6347537E680}.Maya_Debug|Mixed Platforms.ActiveCfg = Maya_Debug|Win32
		{D9825F53-6ACF-417A-B133-A6347537E680}.Maya_Debug|Mixed Platforms.Build.0 = Maya_Debug|Win32
		{D9825F53-6ACF-417A-B133-A6347537E680}.Maya_Debug|Win32.ActiveCfg = Maya_Debug|Win32
		{D9825F53-6ACF-417A-B133-A6347537E680}.Maya_Debug|Win32.Build.0 = Maya_Debug|Win32
		{D9825F53-6ACF-417A-B133-A6347537E680}.Maya_Release|Any CPU.ActiveCfg = Maya_Release|Win32
		{D9825F53-6ACF-417A-B133-A6347537E680}.Maya_Release|Mixed Platforms.ActiveCfg = Maya_Release|Win32
		{D9825F53-6ACF-417A-B133-A6347537E680}.Maya_Release|Mixed Platforms.Build.0 = Maya_Release|Win32
		{D9825F53-6ACF-417A-B133-A6347537E680}.Maya_Release|Win32.ActiveCfg = Maya_Release|Win32
		{D9825F53-6ACF-417A-B133-A6347537E680}.Maya_Release|Win32.Build.0 = Maya_Release|Win32
		{D9825F53-6ACF-417A-B133-A6347537E680}.Release|Any CPU.ActiveCfg = Release|Win32
		{D9825F53-6ACF-417A-B133-A6347537E680}.Release|Mixed Platforms.ActiveCfg = Release|Win32
		{D9825F53-6ACF-417A-B133-A6347537E680}.Release|Mixed Platforms.Build.0 = Release|Win32
		{D9825F53-6ACF-417A-B133-A6347537E680}.Release|Win32.ActiveCfg = Release|Win32
		{D9825F53-6ACF-417A-B133-A6347537E680}.Release|Win32.Build.0 = Release|Win32
		{CFEC2519-384F-41D8-9908-12785BB6FCEF}.Debug|Any CPU.ActiveCfg = Debug|Win32
		{CFEC2519-384F-41D8-9908-12785BB6FCEF}.Debug|Mixed Platforms.ActiveCfg = Debug|Win32
		{CFEC2519-384F-41D8-9908-12785BB6FCEF}.Debug|Mixed Platforms.Build.0 = Debug|Win32
		{CFEC2519-384F-41D8-9908-12785BB6FCEF}.Debug|Win32.ActiveCfg = Debug|Win32
		{CFEC2519-384F-41D8-9908-12785BB6FCEF}.Debug|Win32.Build.0 = Debug|Win32
		{CFEC2519-384F-41D8-9908-12785BB6FCEF}.Maya_Debug|Any CPU.ActiveCfg = Maya_Debug|Win32
		{CFEC2519-384F-41D8-9908-12785BB6FCEF}.Maya_Debug|Mixed Platforms.ActiveCfg = Maya_Debug|Win32
		{CFEC2519-384F-41D8-9908-12785BB6FCEF}.Maya_Debug|Mixed Platforms.Build.0 = Maya_Debug|Win32
		{CFEC2519-384F-41D8-9908-12785BB6FCEF}.Maya_Debug|Win32.ActiveCfg = Maya_Debug|Win32
		{CFEC2519-384F-41D8-9908-12785BB6FCEF}.Maya_Debug|Win32.Build.0 = Maya_Debug|Win32
		{CFEC2519-384F-41D8-9908-12785BB6FCEF}.Maya_Release|Any CPU.ActiveCfg = Maya_Release|Win32
		{CFEC2519-384F-41D8-9908-12785BB6FCEF}.Maya_Release|Mixed Platforms.ActiveCfg = Maya_Release|Win32
		{CFEC2519-384F-41D8-9908-12785BB6FCEF}.Maya_Release|Mixed Platforms.Build.0 = Maya_Release|Win32
		{CFEC2519-384F-41D8-9908-12785BB6FCEF}.Maya_Release|Win32.ActiveCfg = Maya_Release|Win32
		{CFEC2519-384F-41D8-9908-12785BB6FCEF}.Maya_Release|Win32.Build.0 = Maya_Release|Win32
		{CFEC2519-384F-41D8-9908-12785BB6FCEF}.Release|Any CPU.ActiveCfg = Release|Win32
		{CFEC2519-384F-41D8-9908-12785BB6FCEF}.Release|Mixed Platforms.ActiveCfg = Release|Win32
		{CFEC2519-384F-41D8-9908-12785BB6FCEF}.Release|Mixed Platforms.Build.0 = Release|Win32
		{CFEC2519-384F-41D8-9908-12785BB6FCEF}.Release|Win32.ActiveCfg = Release|Win32
		{CFEC2519-384F-41D8-9908-12785BB6FCEF}.Release|Win32.Build.0 = Release|Win32
		{64B7FF2E-BC1E-4381-86A1-9748F66DC4B6}.Debug|Any CPU.ActiveCfg = Debug|Win32
		{64B7FF2E-BC1E-4381-86A1-9748F66DC4B6}.Debug|Mixed Platforms.ActiveCfg = Debug|Win32
		{64B7FF2E-BC1E-4381-86A1-9748F66DC4B6}.Debug|Mixed Platforms.Build.0 = Debug|Win32
		{64B7FF2E-BC1E-4381-86A1-9748F66DC4B6}.Debug|Win32.ActiveCfg = Debug|Win32
		{64B7FF2E-BC1E-4381-86A1-9748F66DC4B6}.Debug|Win32.Build.0 = Debug|Win32
		{64B7FF2E-BC1E-4381-86A1-9748F66DC4B6}.Maya_Debug|Any CPU.ActiveCfg = Maya_Debug|Win32
		{64B7FF2E-BC1E-4381-86A1-9748F66DC4B6}.Maya_Debug|Mixed Platforms.ActiveCfg = Maya_Debug|Win32
		{64B7FF2E-BC1E-4381-86A1-9748F66DC4B6}.Maya_Debug|Mixed Platforms.Build.0 = Maya_Debug|Win32
		{64B7FF2E-BC1E-4381-86A1-9748F66DC4B6}.Maya_Debug|Win32.ActiveCfg = Maya_Debug|Win32
		{64B7FF2E-BC1E-4381-86A1-9748F66DC4B6}.Maya_Debug|Win32.Build.0 = Maya_Debug|Win32
		{64B7FF2E-BC1E-4381-86A1-9748F66DC4B6}.Maya_Release|Any CPU.ActiveCfg = Maya_Release|Win32
		{64B7FF2E-BC1E-4381-86A1-9748F66DC4B6}.Maya_Release|Mixed Platforms.ActiveCfg = Maya_Release|Win32
		{64B7FF2E-BC1E-4381-86A1-9748F66DC4B6}.Maya_Release|Mixed Platforms.Build.0 = Maya_Release|Win32
		{64B7FF2E-BC1E-4381-86A1-9748F66DC4B6}.Maya_Release|Win32.ActiveCfg = Maya_Release|Win32
		{64B7FF2E-BC1E-4381-86A1-9748F66DC4B6}.Maya_Release|Win32.Build.0 = Maya_Release|Win32
		{64B7FF2E-BC1E-4381-86A1-9748F66DC4B6}.Release|Any CPU.ActiveCfg = Release|Win32
		{64B7FF2E-BC1E-4381-86A1-9748F66DC4B6}.Release|Mixed Platforms.ActiveCfg = Release|Win32
		{64B7FF2E-BC1E-4381-86A1-9748F66DC4B6}.Release|Mixed Platforms.Build.0 = Release|Win32
		{64B7FF2E-BC1E-4381-86A1-9748F66DC4B6}.Release|Win32.ActiveCfg = Release|Win32
		{64B7FF2E-BC1E-4381-86A1-9748F66DC4B6}.Release|Win32.Build.0 = Release|Win32
		{624CD04B-AC21-4492-A5B0-E667918918EB}.Debug|Any CPU.ActiveCfg = Debug|Win32
		{624CD04B-AC21-4492-A5B0-E667918918EB}.Debug|Mixed Platforms.ActiveCfg = Debug|Win32
		{624CD04B-AC21-4492-A5B0-E667918918EB}.Debug|Mixed Platforms.Build.0 = Debug|Win32
		{624CD04B-AC21-4492-A5B0-E667918918EB}.Debug|Win32.ActiveCfg = Debug|Win32
		{624CD04B-AC21-4492-A5B0-E667918918EB}.Debug|Win32.Build.0 = Debug|Win32
		{624CD04B-AC21-4492-A5B0-E667918918EB}.Maya_Debug|Any CPU.ActiveCfg = Maya_Debug|Win32
		{624CD04B-AC21-4492-A5B0-E667918918EB}.Maya_Debug|Mixed Platforms.ActiveCfg = Maya_Debug|Win32
		{624CD04B-AC21-4492-A5B0-E667918918EB}.Maya_Debug|Mixed Platforms.Build.0 = Maya_Debug|Win32
		{624CD04B-AC21-4492-A5B0-E667918918EB}.Maya_Debug|Win32.ActiveCfg = Maya_Debug|Win32
		{624CD04B-AC21-4492-A5B0-E667918918EB}.Maya_Debug|Win32.Build.0 = Maya_Debug|Win32
		{624CD04B-AC21-4492-A5B0-E667918918EB}.Maya_Release|Any CPU.ActiveCfg = Maya_Release|Win32
		{624CD04B-AC21-4492-A5B0-E667918918EB}.Maya_Release|Mixed Platforms.ActiveCfg = Maya_Release|Win32
		{624CD04B-AC21-4492-A5B0-E667918918EB}.Maya_Release|Mixed Platforms.Build.0 = Maya_Release|Win32
		{624CD04B-AC21-4492-A5B0-E667918918EB}.Maya_Release|Win32.ActiveCfg = Maya_Release|Win32
		{624CD04B-AC21-4492-A5B0-E667918918EB}.Maya_Release|Win32.Build.0 = Maya_Release|Win32
		{624CD04B-AC21-4492-A5B0-E667918918EB}.Release|Any CPU.ActiveCfg = Release|Win32
		{624CD04B-AC21-4492-A5B0-E667918918EB}.Release|Mixed Platforms.ActiveCfg = Release|Win32
		{624CD04B-AC21-4492-A5B0-E667918918EB}.Release|Mixed Platforms.Build.0 = Release|Win32
		{624CD04B-AC21-4492-A5B0-E667918918EB}.Release|Win32.ActiveCfg = Release|Win32
		{624CD04B-AC21-4492-A5B0-E667918918EB}.Release|Win32.Build.0 = Release|Win32
		{29731B02-608D-4BDF-9A82-392F500EA2E8}.Debug|Any CPU.ActiveCfg = Debug|Win32
		{29731B02-608D-4BDF-9A82-392F500EA2E8}.Debug|Mixed Platforms.ActiveCfg = Debug|Win32
		{29731B02-608D-4BDF-9A82-392F500EA2E8}.Debug|Mixed Platforms.Build.0 = Debug|Win32
		{29731B02-608D-4BDF-9A82-392F500EA2E8}.Debug|Win32.ActiveCfg = Debug|Win32
		{29731B02-608D-4BDF-9A82-392F500EA2E8}.Debug|Win32.Build.0 = Debug|Win32
		{29731B02-608D-4BDF-9A82-392F500EA2E8}.Maya_Debug|Any CPU.ActiveCfg = Maya_Debug|Win32
		{29731B02-608D-4BDF-9A82-392F500EA2E8}.Maya_Debug|Mixed Platforms.ActiveCfg = Maya_Debug|Win32
		{29731B02-608D-4BDF-9A82-392F500EA2E8}.Maya_Debug|Mixed Platforms.Build.0 = Maya_Debug|Win32
		{29731B02-608D-4BDF-9A82-392F500EA2E8}.Maya_Debug|Win32.ActiveCfg = Maya_Debug|Win32
		{29731B02-608D-4BDF-9A82-392F500EA2E8}.Maya_Debug|Win32.Build.0 = Maya_Debug|Win32
		{29731B02-608D-4BDF-9A82-392F500EA2E8}.Maya_Release|Any CPU.ActiveCfg = Maya_Release|Win32
		{29731B02-608D-4BDF-9A82-392F500EA2E8}.Maya_Release|Mixed Platforms.ActiveCfg = Maya_Release|Win32
		{29731B02-608D-4BDF-9A82-392F500EA2E8}.Maya_Release|Mixed Platforms.Build.0 = Maya_Release|Win32
		{29731B02-608D-4BDF-9A82-392F500EA2E8}.Maya_Release|Win32.ActiveCfg = Maya_Release|Win32
		{29731B02-608D-4BDF-9A82-392F500EA2E8}.Maya_Release|Win32.Build.0 = Maya_Release|Win32
		{29731B02-608D-4BDF-9A82-392F500EA2E8}.Release|Any CPU.ActiveCfg = Release|Win32
		{29731B02-608D-4BDF-9A82-392F500EA2E8}.Release|Mixed Platforms.ActiveCfg = Release|Win32
		{29731B02-608D-4BDF-9A82-392F500EA2E8}.Release|Mixed Platforms.Build.0 = Release|Win32
		{29731B02-608D-4BDF-9A82-392F500EA2E8}.Release|Win32.ActiveCfg = Release|Win32
		{29731B02-608D-4BDF-9A82-392F500EA2E8}.Release|Win32.Build.0 = Release|Win32
		{F13498B4-9015-4664-9511-B94DFDACC7D8}.Debug|Any CPU.ActiveCfg = Debug|Win32
		{F13498B4-9015-4664-9511-B94DFDACC7D8}.Debug|Mixed Platforms.ActiveCfg = Debug|Win32
		{F13498B4-9015-4664-9511-B94DFDACC7D8}.Debug|Mixed Platforms.Build.0 = Debug|Win32
		{F13498B4-9015-4664-9511-B94DFDACC7D8}.Debug|Win32.ActiveCfg = Debug|Win32
		{F13498B4-9015-4664-9511-B94DFDACC7D8}.Debug|Win32.Build.0 = Debug|Win32
		{F13498B4-9015-4664-9511-B94DFDACC7D8}.Maya_Debug|Any CPU.ActiveCfg = Maya_Debug|Win32
		{F13498B4-9015-4664-9511-B94DFDACC7D8}.Maya_Debug|Mixed Platforms.ActiveCfg = Maya_Debug|Win32
		{F13498B4-9015-4664-9511-B94DFDACC7D8}.Maya_Debug|Mixed Platforms.Build.0 = Maya_Debug|Win32
		{F13498B4-9015-4664-9511-B94DFDACC7D8}.Maya_Debug|Win32.ActiveCfg = Maya_Debug|Win32
		{F13498B4-9015-4664-9511-B94DFDACC7D8}.Maya_Debug|Win32.Build.0 = Maya_Debug|Win32
		{F13498B4-9015-4664-9511-B94DFDACC7D8}.Maya_Release|Any CPU.ActiveCfg = Maya_Release|Win32
		{F13498B4-9015-4664-9511-B94DFDACC7D8}.Maya_Release|Mixed Platforms.ActiveCfg = Maya_Release|Win32
		{F13498B4-9015-4664-9511-B94DFDACC7D8}.Maya_Release|Mixed Platforms.Build.0 = Maya_Release|Win32
		{F13498B4-9015-4664-9511-B94DFDACC7D8}.Maya_Release|Win32.ActiveCfg = Maya_Release|Win32
		{F13498B4-9015-4664-9511-B94DFDACC7D8}.Maya_Release|Win32.Build.0 = Maya_Release|Win32
		{F13498B4-9015-4664-9511-B94DFDACC7D8}.Release|Any CPU.ActiveCfg = Release|Win32
		{F13498B4-9015-4664-9511-B94DFDACC7D8}.Release|Mixed Platforms.ActiveCfg = Release|Win32
		{F13498B4-9015-4664-9511-B94DFDACC7D8}.Release|Mixed Platforms.Build.0 = Release|Win32
		{F13498B4-9015-4664-9511-B94DFDACC7D8}.Release|Win32.ActiveCfg = Release|Win32
		{F13498B4-9015-4664-9511-B94DFDACC7D8}.Release|Win32.Build.0 = Release|Win32
		{067820E2-9AF8-44B9-9DD7-42D9C0B4E9F3}.Debug|Any CPU.ActiveCfg = Debug|Win32
		{067820E2-9AF8-44B9-9DD7-42D9C0B4E9F3}.Debug|Mixed Platforms.ActiveCfg = Debug|Win32
		{067820E2-9AF8-44B9-9DD7-42D9C0B4E9F3}.Debug|Mixed Platforms.Build.0 = Debug|Win32
		{067820E2-9AF8-44B9-9DD7-42D9C0B4E9F3}.Debug|Win32.ActiveCfg = Debug|Win32
		{067820E2-9AF8-44B9-9DD7-42D9C0B4E9F3}.Debug|Win32.Build.0 = Debug|Win32
		{067820E2-9AF8-44B9-9DD7-42D9C0B4E9F3}.Maya_Debug|Any CPU.ActiveCfg = Maya_Debug|Win32
		{067820E2-9AF8-44B9-9DD7-42D9C0B4E9F3}.Maya_Debug|Mixed Platforms.ActiveCfg = Maya_Debug|Win32
		{067820E2-9AF8-44B9-9DD7-42D9C0B4E9F3}.Maya_Debug|Mixed Platforms.Build.0 = Maya_Debug|Win32
		{067820E2-9AF8-44B9-9DD7-42D9C0B4E9F3}.Maya_Debug|Win32.ActiveCfg = Maya_Debug|Win32
		{067820E2-9AF8-44B9-9DD7-42D9C0B4E9F3}.Maya_Debug|Win32.Build.0 = Maya_Debug|Win32
		{067820E2-9AF8-44B9-9DD7-42D9C0B4E9F3}.Maya_Release|Any CPU.ActiveCfg = Maya_Release|Win32
		{067820E2-9AF8-44B9-9DD7-42D9C0B4E9F3}.Maya_Release|Mixed Platforms.ActiveCfg = Maya_Release|Win32
		{067820E2-9AF8-44B9-9DD7-42D9C0B4E9F3}.Maya_Release|Mixed Platforms.Build.0 = Maya_Release|Win32
		{067820E2-9AF8-44B9-9DD7-42D9C0B4E9F3}.Maya_Release|Win32.ActiveCfg = Maya_Release|Win32
		{067820E2-9AF8-44B9-9DD7-42D9C0B4E9F3}.Maya_Release|Win32.Build.0 = Maya_Release|Win32
		{067820E2-9AF8-44B9-9DD7-42D9C0B4E9F3}.Release|Any CPU.ActiveCfg = Release|Win32
		{067820E2-9AF8-44B9-9DD7-42D9C0B4E9F3}.Release|Mixed Platforms.ActiveCfg = Release|Win32
		{067820E2-9AF8-44B9-9DD7-42D9C0B4E9F3}.Release|Mixed Platforms.Build.0 = Release|Win32
		{067820E2-9AF8-44B9-9DD7-42D9C0B4E9F3}.Release|Win32.ActiveCfg = Release|Win32
		{067820E2-9AF8-44B9-9DD7-42D9C0B4E9F3}.Release|Win32.Build.0 = Release|Win32
		{FD3E4E08-B7BF-4BA7-9F78-421BDAA6F57A}.Debug|Any CPU.ActiveCfg = Debug|Any CPU
		{FD3E4E08-B7BF-4BA7-9F78-421BDAA6F57A}.Debug|Any CPU.Build.0 = Debug|Any CPU
		{FD3E4E08-B7BF-4BA7-9F78-421BDAA6F57A}.Debug|Mixed Platforms.ActiveCfg = Debug|Any CPU
		{FD3E4E08-B7BF-4BA7-9F78-421BDAA6F57A}.Debug|Mixed Platforms.Build.0 = Debug|Any CPU
		{FD3E4E08-B7BF-4BA7-9F78-421BDAA6F57A}.Debug|Win32.ActiveCfg = Debug|Any CPU
		{FD3E4E08-B7BF-4BA7-9F78-421BDAA6F57A}.Maya_Debug|Any CPU.ActiveCfg = Debug|Any CPU
		{FD3E4E08-B7BF-4BA7-9F78-421BDAA6F57A}.Maya_Debug|Any CPU.Build.0 = Debug|Any CPU
		{FD3E4E08-B7BF-4BA7-9F78-421BDAA6F57A}.Maya_Debug|Mixed Platforms.ActiveCfg = Debug|Any CPU
		{FD3E4E08-B7BF-4BA7-9F78-421BDAA6F57A}.Maya_Debug|Mixed Platforms.Build.0 = Debug|Any CPU
		{FD3E4E08-B7BF-4BA7-9F78-421BDAA6F57A}.Maya_Debug|Win32.ActiveCfg = Debug|Any CPU
		{FD3E4E08-B7BF-4BA7-9F78-421BDAA6F57A}.Maya_Release|Any CPU.ActiveCfg = Release|Any CPU
		{FD3E4E08-B7BF-4BA7-9F78-421BDAA6F57A}.Maya_Release|Any CPU.Build.0 = Release|Any CPU
		{FD3E4E08-B7BF-4BA7-9F78-421BDAA6F57A}.Maya_Release|Mixed Platforms.ActiveCfg = Release|Any CPU
		{FD3E4E08-B7BF-4BA7-9F78-421BDAA6F57A}.Maya_Release|Mixed Platforms.Build.0 = Release|Any CPU
		{FD3E4E08-B7BF-4BA7-9F78-421BDAA6F57A}.Maya_Release|Win32.ActiveCfg = Release|Any CPU
		{FD3E4E08-B7BF-4BA7-9F78-421BDAA6F57A}.Release|Any CPU.ActiveCfg = Release|Any CPU
		{FD3E4E08-B7BF-4BA7-9F78-421BDAA6F57A}.Release|Any CPU.Build.0 = Release|Any CPU
		{FD3E4E08-B7BF-4BA7-9F78-421BDAA6F57A}.Release|Mixed Platforms.ActiveCfg = Release|Any CPU
		{FD3E4E08-B7BF-4BA7-9F78-421BDAA6F57A}.Release|Mixed Platforms.Build.0 = Release|Any CPU
		{FD3E4E08-B7BF-4BA7-9F78-421BDAA6F57A}.Release|Win32.ActiveCfg = Release|Any CPU
	EndGlobalSection
	GlobalSection(SolutionProperties) = preSolution
		HideSolutionNode = FALSE
	EndGlobalSection
	GlobalSection(NestedProjects) = preSolution
		{FA7621FE-9BAE-40D0-9AB9-B1905059AA18} = {DAE7CF97-1A01-4EAB-A0B3-D7D70BC09FCE}
		{0CD03495-AE37-4084-A0C3-7479D6813DB5} = {DAE7CF97-1A01-4EAB-A0B3-D7D70BC09FCE}
		{B45E0219-0203-4FE1-A123-30B4179A95CF} = {DAE7CF97-1A01-4EAB-A0B3-D7D70BC09FCE}
		{1A407BD6-A310-4D67-91D6-8D385DC05E57} = {DAE7CF97-1A01-4EAB-A0B3-D7D70BC09FCE}
		{02C53B78-42C2-44B9-9A38-AF8CE275AD9E} = {DAE7CF97-1A01-4EAB-A0B3-D7D70BC09FCE}
		{D9825F53-6ACF-417A-B133-A6347537E680} = {DAE7CF97-1A01-4EAB-A0B3-D7D70BC09FCE}
		{CFEC2519-384F-41D8-9908-12785BB6FCEF} = {DAE7CF97-1A01-4EAB-A0B3-D7D70BC09FCE}
		{64B7FF2E-BC1E-4381-86A1-9748F66DC4B6} = {DAE7CF97-1A01-4EAB-A0B3-D7D70BC09FCE}
		{624CD04B-AC21-4492-A5B0-E667918918EB} = {DAE7CF97-1A01-4EAB-A0B3-D7D70BC09FCE}
		{29731B02-608D-4BDF-9A82-392F500EA2E8} = {DAE7CF97-1A01-4EAB-A0B3-D7D70BC09FCE}
		{F13498B4-9015-4664-9511-B94DFDACC7D8} = {DAE7CF97-1A01-4EAB-A0B3-D7D70BC09FCE}
		{067820E2-9AF8-44B9-9DD7-42D9C0B4E9F3} = {DAE7CF97-1A01-4EAB-A0B3-D7D70BC09FCE}
	EndGlobalSection
EndGlobal
