Microsoft Visual Studio Solution File, Format Version 10.00
# Visual Studio 2008
Project("{2150E333-8FDC-42A3-9474-1A3956D46DE8}") = "Libs", "Libs", "{832A854F-2030-4EA4-86FE-EDEEC017E78E}"
EndProject
Project("{8BC9CEB8-8B4A-11D0-8D11-00A0C91BC942}") = "lua_win32", "lua_win32.vcproj", "{B02F6D05-9FAF-4898-A964-BFBEF7446706}"
EndProject
Project("{8BC9CEB8-8B4A-11D0-8D11-00A0C91BC942}") = "tinyxml_win32", "tinyxml_win32.vcproj", "{29731B02-608D-4BDF-9A82-392F500EA2E8}"
EndProject
Project("{8BC9CEB8-8B4A-11D0-8D11-00A0C91BC942}") = "zlib_win32", "zlib_win32.vcproj", "{624CD04B-AC21-4492-A5B0-E667918918EB}"
EndProject
Project("{8BC9CEB8-8B4A-11D0-8D11-00A0C91BC942}") = "sqlite_win32", "sqlite_win32.vcproj", "{6B6790AD-FE7C-49C5-A46A-062DB18FE424}"
EndProject
Project("{8BC9CEB8-8B4A-11D0-8D11-00A0C91BC942}") = "ode_win32", "ode_win32.vcproj", "{8F9E9E5C-65EC-4DD2-9E8B-C069C7A02D09}"
EndProject
Project("{8BC9CEB8-8B4A-11D0-8D11-00A0C91BC942}") = "opcode_win32", "opcode_win32.vcproj", "{3F353464-FFFF-4EDC-937F-41F83D22D3B2}"
EndProject
Project("{8BC9CEB8-8B4A-11D0-8D11-00A0C91BC942}") = "gimpact_win32", "gimpact_win32.vcproj", "{73704ACF-555B-46A6-B9BB-48070D1F0B91}"
EndProject
Project("{8BC9CEB8-8B4A-11D0-8D11-00A0C91BC942}") = "raknet_win32", "raknet_win32.vcproj", "{338830BC-3109-4CA6-9835-2F7229D34196}"
EndProject
Global
	GlobalSection(SolutionConfigurationPlatforms) = preSolution
		Debug|Win32 = Debug|Win32
		Release|Win32 = Release|Win32
		Maya_Debug|Win32 = Maya_Debug|Win32
		Maya_Release|Win32 = Maya_Release|Win32
	EndGlobalSection
	GlobalSection(ProjectConfigurationPlatforms) = postSolution
		{B02F6D05-9FAF-4898-A964-BFBEF7446706}.Debug|Win32.ActiveCfg = Debug|Win32
		{B02F6D05-9FAF-4898-A964-BFBEF7446706}.Debug|Win32.Build.0 = Debug|Win32
		{B02F6D05-9FAF-4898-A964-BFBEF7446706}.Release|Win32.ActiveCfg = Release|Win32
		{B02F6D05-9FAF-4898-A964-BFBEF7446706}.Release|Win32.Build.0 = Release|Win32
		{B02F6D05-9FAF-4898-A964-BFBEF7446706}.Maya_Debug|Win32.ActiveCfg = Maya_Debug|Win32
		{B02F6D05-9FAF-4898-A964-BFBEF7446706}.Maya_Debug|Win32.Build.0 = Maya_Debug|Win32
		{B02F6D05-9FAF-4898-A964-BFBEF7446706}.Maya_Release|Win32.ActiveCfg = Maya_Release|Win32
		{B02F6D05-9FAF-4898-A964-BFBEF7446706}.Maya_Release|Win32.Build.0 = Maya_Release|Win32
		{29731B02-608D-4BDF-9A82-392F500EA2E8}.Debug|Win32.ActiveCfg = Debug|Win32
		{29731B02-608D-4BDF-9A82-392F500EA2E8}.Debug|Win32.Build.0 = Debug|Win32
		{29731B02-608D-4BDF-9A82-392F500EA2E8}.Release|Win32.ActiveCfg = Release|Win32
		{29731B02-608D-4BDF-9A82-392F500EA2E8}.Release|Win32.Build.0 = Release|Win32
		{29731B02-608D-4BDF-9A82-392F500EA2E8}.Maya_Debug|Win32.ActiveCfg = Maya_Debug|Win32
		{29731B02-608D-4BDF-9A82-392F500EA2E8}.Maya_Debug|Win32.Build.0 = Maya_Debug|Win32
		{29731B02-608D-4BDF-9A82-392F500EA2E8}.Maya_Release|Win32.ActiveCfg = Maya_Release|Win32
		{29731B02-608D-4BDF-9A82-392F500EA2E8}.Maya_Release|Win32.Build.0 = Maya_Release|Win32
		{624CD04B-AC21-4492-A5B0-E667918918EB}.Debug|Win32.ActiveCfg = Debug|Win32
		{624CD04B-AC21-4492-A5B0-E667918918EB}.Debug|Win32.Build.0 = Debug|Win32
		{624CD04B-AC21-4492-A5B0-E667918918EB}.Release|Win32.ActiveCfg = Release|Win32
		{624CD04B-AC21-4492-A5B0-E667918918EB}.Release|Win32.Build.0 = Release|Win32
		{624CD04B-AC21-4492-A5B0-E667918918EB}.Maya_Debug|Win32.ActiveCfg = Maya_Debug|Win32
		{624CD04B-AC21-4492-A5B0-E667918918EB}.Maya_Debug|Win32.Build.0 = Maya_Debug|Win32
		{624CD04B-AC21-4492-A5B0-E667918918EB}.Maya_Release|Win32.ActiveCfg = Maya_Release|Win32
		{624CD04B-AC21-4492-A5B0-E667918918EB}.Maya_Release|Win32.Build.0 = Maya_Release|Win32
		{6B6790AD-FE7C-49C5-A46A-062DB18FE424}.Debug|Win32.ActiveCfg = Debug|Win32
		{6B6790AD-FE7C-49C5-A46A-062DB18FE424}.Debug|Win32.Build.0 = Debug|Win32
		{6B6790AD-FE7C-49C5-A46A-062DB18FE424}.Release|Win32.ActiveCfg = Release|Win32
		{6B6790AD-FE7C-49C5-A46A-062DB18FE424}.Release|Win32.Build.0 = Release|Win32
		{6B6790AD-FE7C-49C5-A46A-062DB18FE424}.Maya_Debug|Win32.ActiveCfg = Maya_Debug|Win32
		{6B6790AD-FE7C-49C5-A46A-062DB18FE424}.Maya_Debug|Win32.Build.0 = Maya_Debug|Win32
		{6B6790AD-FE7C-49C5-A46A-062DB18FE424}.Maya_Release|Win32.ActiveCfg = Maya_Release|Win32
		{6B6790AD-FE7C-49C5-A46A-062DB18FE424}.Maya_Release|Win32.Build.0 = Maya_Release|Win32
		{8F9E9E5C-65EC-4DD2-9E8B-C069C7A02D09}.Debug|Win32.ActiveCfg = Debug|Win32
		{8F9E9E5C-65EC-4DD2-9E8B-C069C7A02D09}.Debug|Win32.Build.0 = Debug|Win32
		{8F9E9E5C-65EC-4DD2-9E8B-C069C7A02D09}.Release|Win32.ActiveCfg = Release|Win32
		{8F9E9E5C-65EC-4DD2-9E8B-C069C7A02D09}.Release|Win32.Build.0 = Release|Win32
		{8F9E9E5C-65EC-4DD2-9E8B-C069C7A02D09}.Maya_Debug|Win32.ActiveCfg = Maya_Debug|Win32
		{8F9E9E5C-65EC-4DD2-9E8B-C069C7A02D09}.Maya_Debug|Win32.Build.0 = Maya_Debug|Win32
		{8F9E9E5C-65EC-4DD2-9E8B-C069C7A02D09}.Maya_Release|Win32.ActiveCfg = Maya_Release|Win32
		{8F9E9E5C-65EC-4DD2-9E8B-C069C7A02D09}.Maya_Release|Win32.Build.0 = Maya_Release|Win32
		{3F353464-FFFF-4EDC-937F-41F83D22D3B2}.Debug|Win32.ActiveCfg = Debug|Win32
		{3F353464-FFFF-4EDC-937F-41F83D22D3B2}.Debug|Win32.Build.0 = Debug|Win32
		{3F353464-FFFF-4EDC-937F-41F83D22D3B2}.Release|Win32.ActiveCfg = Release|Win32
		{3F353464-FFFF-4EDC-937F-41F83D22D3B2}.Release|Win32.Build.0 = Release|Win32
		{3F353464-FFFF-4EDC-937F-41F83D22D3B2}.Maya_Debug|Win32.ActiveCfg = Maya_Debug|Win32
		{3F353464-FFFF-4EDC-937F-41F83D22D3B2}.Maya_Debug|Win32.Build.0 = Maya_Debug|Win32
		{3F353464-FFFF-4EDC-937F-41F83D22D3B2}.Maya_Release|Win32.ActiveCfg = Maya_Release|Win32
		{3F353464-FFFF-4EDC-937F-41F83D22D3B2}.Maya_Release|Win32.Build.0 = Maya_Release|Win32
		{73704ACF-555B-46A6-B9BB-48070D1F0B91}.Debug|Win32.ActiveCfg = Debug|Win32
		{73704ACF-555B-46A6-B9BB-48070D1F0B91}.Debug|Win32.Build.0 = Debug|Win32
		{73704ACF-555B-46A6-B9BB-48070D1F0B91}.Release|Win32.ActiveCfg = Release|Win32
		{73704ACF-555B-46A6-B9BB-48070D1F0B91}.Release|Win32.Build.0 = Release|Win32
		{73704ACF-555B-46A6-B9BB-48070D1F0B91}.Maya_Debug|Win32.ActiveCfg = Maya_Debug|Win32
		{73704ACF-555B-46A6-B9BB-48070D1F0B91}.Maya_Debug|Win32.Build.0 = Maya_Debug|Win32
		{73704ACF-555B-46A6-B9BB-48070D1F0B91}.Maya_Release|Win32.ActiveCfg = Maya_Release|Win32
		{73704ACF-555B-46A6-B9BB-48070D1F0B91}.Maya_Release|Win32.Build.0 = Maya_Release|Win32
		{338830BC-3109-4CA6-9835-2F7229D34196}.Debug|Win32.ActiveCfg = Debug|Win32
		{338830BC-3109-4CA6-9835-2F7229D34196}.Debug|Win32.Build.0 = Debug|Win32
		{338830BC-3109-4CA6-9835-2F7229D34196}.Release|Win32.ActiveCfg = Release|Win32
		{338830BC-3109-4CA6-9835-2F7229D34196}.Release|Win32.Build.0 = Release|Win32
		{338830BC-3109-4CA6-9835-2F7229D34196}.Maya_Debug|Win32.ActiveCfg = Maya_Debug|Win32
		{338830BC-3109-4CA6-9835-2F7229D34196}.Maya_Debug|Win32.Build.0 = Maya_Debug|Win32
		{338830BC-3109-4CA6-9835-2F7229D34196}.Maya_Release|Win32.ActiveCfg = Maya_Release|Win32
		{338830BC-3109-4CA6-9835-2F7229D34196}.Maya_Release|Win32.Build.0 = Maya_Release|Win32
	EndGlobalSection
	GlobalSection(SolutionProperties) = preSolution
		HideSolutionNode = FALSE
	EndGlobalSection
	GlobalSection(NestedProjects) = preSolution
		{B02F6D05-9FAF-4898-A964-BFBEF7446706} = {832A854F-2030-4EA4-86FE-EDEEC017E78E}
		{29731B02-608D-4BDF-9A82-392F500EA2E8} = {832A854F-2030-4EA4-86FE-EDEEC017E78E}
		{624CD04B-AC21-4492-A5B0-E667918918EB} = {832A854F-2030-4EA4-86FE-EDEEC017E78E}
		{6B6790AD-FE7C-49C5-A46A-062DB18FE424} = {832A854F-2030-4EA4-86FE-EDEEC017E78E}
		{8F9E9E5C-65EC-4DD2-9E8B-C069C7A02D09} = {832A854F-2030-4EA4-86FE-EDEEC017E78E}
		{3F353464-FFFF-4EDC-937F-41F83D22D3B2} = {832A854F-2030-4EA4-86FE-EDEEC017E78E}
		{73704ACF-555B-46A6-B9BB-48070D1F0B91} = {832A854F-2030-4EA4-86FE-EDEEC017E78E}
		{338830BC-3109-4CA6-9835-2F7229D34196} = {832A854F-2030-4EA4-86FE-EDEEC017E78E}
	EndGlobalSection
EndGlobal
