Microsoft Visual Studio Solution File, Format Version 11.00
# Visual Studio 2010
Project("{2150E333-8FDC-42A3-9474-1A3956D46DE8}") = "NIDLs", "NIDLs", "{798777E9-B38C-4974-BEE3-B1CD45F6A1E6}"
EndProject
Project("{2150E333-8FDC-42A3-9474-1A3956D46DE8}") = "Libs", "Libs", "{832A854F-2030-4EA4-86FE-EDEEC017E78E}"
EndProject
Project("{2150E333-8FDC-42A3-9474-1A3956D46DE8}") = "Exes", "Exes", "{3B2AD919-B940-473D-A9CC-62428540DEC5}"
EndProject
Project("{2150E333-8FDC-42A3-9474-1A3956D46DE8}") = "Jobs", "Jobs", "{28B9CEF2-57A6-4EE5-8235-2014936D9FE7}"
EndProject
Project("{8BC9CEB8-8B4A-11D0-8D11-00A0C91BC942}") = "foundation_nidls_win32", "foundation_nidls_win32.vcxproj", "{FB193C0E-6EF7-40BC-9195-F33DDE0B5F4D}"
EndProject
Project("{8BC9CEB8-8B4A-11D0-8D11-00A0C91BC942}") = "render_nidls_win32", "render_nidls_win32.vcxproj", "{6056C7F2-FF23-4087-9AA0-FC98BD639F39}"
EndProject
Project("{8BC9CEB8-8B4A-11D0-8D11-00A0C91BC942}") = "remote_nidls_win32", "remote_nidls_win32.vcxproj", "{EDF1B231-38F8-4E55-9F71-9F01C8307970}"
EndProject
Project("{8BC9CEB8-8B4A-11D0-8D11-00A0C91BC942}") = "render_charevalskeletonjob_win32", "render_charevalskeletonjob_win32.vcxproj", "{02C53B78-42C2-44B9-9A38-AF8CE275AD9E}"
EndProject
Project("{8BC9CEB8-8B4A-11D0-8D11-00A0C91BC942}") = "render_animjobsample_win32", "render_animjobsample_win32.vcxproj", "{B45E0219-0203-4FE1-A123-30B4179A95CF}"
EndProject
Project("{8BC9CEB8-8B4A-11D0-8D11-00A0C91BC942}") = "render_animjobsamplemix_win32", "render_animjobsamplemix_win32.vcxproj", "{1A407BD6-A310-4D67-91D6-8D385DC05E57}"
EndProject
Project("{8BC9CEB8-8B4A-11D0-8D11-00A0C91BC942}") = "render_particlejob_win32", "render_particlejob_win32.vcxproj", "{D9825F53-6ACF-417A-B133-A6347537E680}"
EndProject
Project("{8BC9CEB8-8B4A-11D0-8D11-00A0C91BC942}") = "render_visibilityquadtreejob_win32", "render_visibilityquadtreejob_win32.vcxproj", "{64B7FF2E-BC1E-4381-86A1-9748F66DC4B6}"
EndProject
Project("{8BC9CEB8-8B4A-11D0-8D11-00A0C91BC942}") = "render_visibilityboxsystemjob_win32", "render_visibilityboxsystemjob_win32.vcxproj", "{CFEC2519-384F-41D8-9908-12785BB6FCEF}"
EndProject
Project("{8BC9CEB8-8B4A-11D0-8D11-00A0C91BC942}") = "foundation_win32", "foundation_win32.vcxproj", "{0CD03495-AE37-4084-A0C3-7479D6813DB5}"
EndProject
Project("{8BC9CEB8-8B4A-11D0-8D11-00A0C91BC942}") = "render_win32", "render_win32.vcxproj", "{FA7621FE-9BAE-40D0-9AB9-B1905059AA18}"
EndProject
Project("{8BC9CEB8-8B4A-11D0-8D11-00A0C91BC942}") = "tinyxml_win32", "tinyxml_win32.vcxproj", "{29731B02-608D-4BDF-9A82-392F500EA2E8}"
EndProject
Project("{8BC9CEB8-8B4A-11D0-8D11-00A0C91BC942}") = "zlib_win32", "zlib_win32.vcxproj", "{624CD04B-AC21-4492-A5B0-E667918918EB}"
EndProject
Project("{8BC9CEB8-8B4A-11D0-8D11-00A0C91BC942}") = "db_win32", "db_win32.vcxproj", "{AC83FC84-2FDE-4530-BA3B-D04A51195335}"
EndProject
Project("{8BC9CEB8-8B4A-11D0-8D11-00A0C91BC942}") = "sqlite_win32", "sqlite_win32.vcxproj", "{6B6790AD-FE7C-49C5-A46A-062DB18FE424}"
EndProject
Project("{8BC9CEB8-8B4A-11D0-8D11-00A0C91BC942}") = "attr_win32", "attr_win32.vcxproj", "{D2E681A2-4D4D-45A7-98C7-795F9E23E76F}"
EndProject
Project("{8BC9CEB8-8B4A-11D0-8D11-00A0C91BC942}") = "remote_win32", "remote_win32.vcxproj", "{4844D9AB-B65C-4B00-B704-B8528DAADE56}"
EndProject
Project("{8BC9CEB8-8B4A-11D0-8D11-00A0C91BC942}") = "toolkitutil_win32", "toolkitutil_win32.vcxproj", "{FF1D84DB-ACD3-4543-B5A3-3A823D29A82D}"
EndProject
Project("{8BC9CEB8-8B4A-11D0-8D11-00A0C91BC942}") = "charxmltodb3", "charxmltodb3.vcxproj", "{33B33A63-11A8-4550-A8AA-A2C8CA892375}"
EndProject
Project("{8BC9CEB8-8B4A-11D0-8D11-00A0C91BC942}") = "shaderbatcher3", "shaderbatcher3.vcxproj", "{2C170774-DA0D-4562-A76C-41824500A6E4}"
EndProject
Project("{8BC9CEB8-8B4A-11D0-8D11-00A0C91BC942}") = "texturebatcher3", "texturebatcher3.vcxproj", "{38D038A1-5890-437D-B6F8-CE092B748404}"
EndProject
Project("{8BC9CEB8-8B4A-11D0-8D11-00A0C91BC942}") = "buildresdict3", "buildresdict3.vcxproj", "{0EA6493B-7E00-4A7E-8267-A02D04BA8260}"
EndProject
Project("{8BC9CEB8-8B4A-11D0-8D11-00A0C91BC942}") = "audiobatcher3", "audiobatcher3.vcxproj", "{AF7F4481-0697-4A49-BC90-12CDDF151A7D}"
EndProject
Project("{8BC9CEB8-8B4A-11D0-8D11-00A0C91BC942}") = "scaleformbatcher3", "scaleformbatcher3.vcxproj", "{B6BC8C39-A31C-457D-83A6-F30762570CFB}"
EndProject
Project("{8BC9CEB8-8B4A-11D0-8D11-00A0C91BC942}") = "buildclassregistryheader", "buildclassregistryheader.vcxproj", "{ABDC5F15-90AA-4B6A-AA0F-2B06D65E1A7E}"
EndProject
Project("{8BC9CEB8-8B4A-11D0-8D11-00A0C91BC942}") = "n2converter3", "n2converter3.vcxproj", "{B203D045-0A87-4899-9661-79BBF6A10197}"
EndProject
Project("{8BC9CEB8-8B4A-11D0-8D11-00A0C91BC942}") = "n2batchconverter3", "n2batchconverter3.vcxproj", "{39D1E2CF-7F8E-4CA1-A2A7-51C33EA30544}"
EndProject
Project("{8BC9CEB8-8B4A-11D0-8D11-00A0C91BC942}") = "sequenceconverter3", "sequenceconverter3.vcxproj", "{22981A1E-C3BD-416B-9002-05756BAECA54}"
EndProject
Project("{8BC9CEB8-8B4A-11D0-8D11-00A0C91BC942}") = "synctool3", "synctool3.vcxproj", "{47E7E5A6-9407-4709-8AF8-19D085A42589}"
EndProject
Project("{8BC9CEB8-8B4A-11D0-8D11-00A0C91BC942}") = "archiver3", "archiver3.vcxproj", "{7A1BCEB8-8C08-4D0E-81B7-5D26FC87597E}"
EndProject
Project("{8BC9CEB8-8B4A-11D0-8D11-00A0C91BC942}") = "suiconverter3", "suiconverter3.vcxproj", "{3E07FB6F-42EE-4189-88C8-564AA2181031}"
EndProject
Project("{8BC9CEB8-8B4A-11D0-8D11-00A0C91BC942}") = "countlines3", "countlines3.vcxproj", "{BC0EDBB2-736E-43CE-96D0-754E67060564}"
EndProject
Project("{8BC9CEB8-8B4A-11D0-8D11-00A0C91BC942}") = "animconverter3", "animconverter3.vcxproj", "{75FE4D1B-42CC-432C-A932-A4AE416BEC71}"
EndProject
Project("{8BC9CEB8-8B4A-11D0-8D11-00A0C91BC942}") = "n2tableconverter", "n2tableconverter.vcxproj", "{3DB05A7A-6BD7-43FD-8448-22C7401122B4}"
EndProject
Project("{8BC9CEB8-8B4A-11D0-8D11-00A0C91BC942}") = "binaryxmlconverter3", "binaryxmlconverter3.vcxproj", "{9267C413-CF49-4132-8455-EEE128AB8D6B}"
EndProject
Project("{8BC9CEB8-8B4A-11D0-8D11-00A0C91BC942}") = "distributedtesttool", "distributedtesttool.vcxproj", "{D61902D4-437D-4BDB-89A6-9977557ACBC6}"
EndProject
Project("{8BC9CEB8-8B4A-11D0-8D11-00A0C91BC942}") = "distributedjobservice", "distributedjobservice.vcxproj", "{EBEA651F-3225-4892-9680-67731D96B7C0}"
EndProject
Project("{8BC9CEB8-8B4A-11D0-8D11-00A0C91BC942}") = "n3viewer", "n3viewer.vcxproj", "{27DEF483-11FA-4D4A-9D7F-A4E2E98B2FF7}"
EndProject
Global
	GlobalSection(SolutionConfigurationPlatforms) = preSolution
		Debug|Win32 = Debug|Win32
		Maya_Debug|Win32 = Maya_Debug|Win32
		Maya_Release|Win32 = Maya_Release|Win32
		Release|Win32 = Release|Win32
	EndGlobalSection
	GlobalSection(ProjectConfigurationPlatforms) = postSolution
		{FB193C0E-6EF7-40BC-9195-F33DDE0B5F4D}.Debug|Win32.ActiveCfg = Debug|Win32
		{FB193C0E-6EF7-40BC-9195-F33DDE0B5F4D}.Debug|Win32.Build.0 = Debug|Win32
		{FB193C0E-6EF7-40BC-9195-F33DDE0B5F4D}.Maya_Debug|Win32.ActiveCfg = Maya_Debug|Win32
		{FB193C0E-6EF7-40BC-9195-F33DDE0B5F4D}.Maya_Debug|Win32.Build.0 = Maya_Debug|Win32
		{FB193C0E-6EF7-40BC-9195-F33DDE0B5F4D}.Maya_Release|Win32.ActiveCfg = Maya_Release|Win32
		{FB193C0E-6EF7-40BC-9195-F33DDE0B5F4D}.Maya_Release|Win32.Build.0 = Maya_Release|Win32
		{FB193C0E-6EF7-40BC-9195-F33DDE0B5F4D}.Release|Win32.ActiveCfg = Release|Win32
		{FB193C0E-6EF7-40BC-9195-F33DDE0B5F4D}.Release|Win32.Build.0 = Release|Win32
		{6056C7F2-FF23-4087-9AA0-FC98BD639F39}.Debug|Win32.ActiveCfg = Debug|Win32
		{6056C7F2-FF23-4087-9AA0-FC98BD639F39}.Debug|Win32.Build.0 = Debug|Win32
		{6056C7F2-FF23-4087-9AA0-FC98BD639F39}.Maya_Debug|Win32.ActiveCfg = Maya_Debug|Win32
		{6056C7F2-FF23-4087-9AA0-FC98BD639F39}.Maya_Debug|Win32.Build.0 = Maya_Debug|Win32
		{6056C7F2-FF23-4087-9AA0-FC98BD639F39}.Maya_Release|Win32.ActiveCfg = Maya_Release|Win32
		{6056C7F2-FF23-4087-9AA0-FC98BD639F39}.Maya_Release|Win32.Build.0 = Maya_Release|Win32
		{6056C7F2-FF23-4087-9AA0-FC98BD639F39}.Release|Win32.ActiveCfg = Release|Win32
		{6056C7F2-FF23-4087-9AA0-FC98BD639F39}.Release|Win32.Build.0 = Release|Win32
		{EDF1B231-38F8-4E55-9F71-9F01C8307970}.Debug|Win32.ActiveCfg = Debug|Win32
		{EDF1B231-38F8-4E55-9F71-9F01C8307970}.Debug|Win32.Build.0 = Debug|Win32
		{EDF1B231-38F8-4E55-9F71-9F01C8307970}.Maya_Debug|Win32.ActiveCfg = Maya_Debug|Win32
		{EDF1B231-38F8-4E55-9F71-9F01C8307970}.Maya_Debug|Win32.Build.0 = Maya_Debug|Win32
		{EDF1B231-38F8-4E55-9F71-9F01C8307970}.Maya_Release|Win32.ActiveCfg = Maya_Release|Win32
		{EDF1B231-38F8-4E55-9F71-9F01C8307970}.Maya_Release|Win32.Build.0 = Maya_Release|Win32
		{EDF1B231-38F8-4E55-9F71-9F01C8307970}.Release|Win32.ActiveCfg = Release|Win32
		{EDF1B231-38F8-4E55-9F71-9F01C8307970}.Release|Win32.Build.0 = Release|Win32
		{02C53B78-42C2-44B9-9A38-AF8CE275AD9E}.Debug|Win32.ActiveCfg = Debug|Win32
		{02C53B78-42C2-44B9-9A38-AF8CE275AD9E}.Debug|Win32.Build.0 = Debug|Win32
		{02C53B78-42C2-44B9-9A38-AF8CE275AD9E}.Maya_Debug|Win32.ActiveCfg = Maya_Debug|Win32
		{02C53B78-42C2-44B9-9A38-AF8CE275AD9E}.Maya_Debug|Win32.Build.0 = Maya_Debug|Win32
		{02C53B78-42C2-44B9-9A38-AF8CE275AD9E}.Maya_Release|Win32.ActiveCfg = Maya_Release|Win32
		{02C53B78-42C2-44B9-9A38-AF8CE275AD9E}.Maya_Release|Win32.Build.0 = Maya_Release|Win32
		{02C53B78-42C2-44B9-9A38-AF8CE275AD9E}.Release|Win32.ActiveCfg = Release|Win32
		{02C53B78-42C2-44B9-9A38-AF8CE275AD9E}.Release|Win32.Build.0 = Release|Win32
		{B45E0219-0203-4FE1-A123-30B4179A95CF}.Debug|Win32.ActiveCfg = Debug|Win32
		{B45E0219-0203-4FE1-A123-30B4179A95CF}.Debug|Win32.Build.0 = Debug|Win32
		{B45E0219-0203-4FE1-A123-30B4179A95CF}.Maya_Debug|Win32.ActiveCfg = Maya_Debug|Win32
		{B45E0219-0203-4FE1-A123-30B4179A95CF}.Maya_Debug|Win32.Build.0 = Maya_Debug|Win32
		{B45E0219-0203-4FE1-A123-30B4179A95CF}.Maya_Release|Win32.ActiveCfg = Maya_Release|Win32
		{B45E0219-0203-4FE1-A123-30B4179A95CF}.Maya_Release|Win32.Build.0 = Maya_Release|Win32
		{B45E0219-0203-4FE1-A123-30B4179A95CF}.Release|Win32.ActiveCfg = Release|Win32
		{B45E0219-0203-4FE1-A123-30B4179A95CF}.Release|Win32.Build.0 = Release|Win32
		{1A407BD6-A310-4D67-91D6-8D385DC05E57}.Debug|Win32.ActiveCfg = Debug|Win32
		{1A407BD6-A310-4D67-91D6-8D385DC05E57}.Debug|Win32.Build.0 = Debug|Win32
		{1A407BD6-A310-4D67-91D6-8D385DC05E57}.Maya_Debug|Win32.ActiveCfg = Maya_Debug|Win32
		{1A407BD6-A310-4D67-91D6-8D385DC05E57}.Maya_Debug|Win32.Build.0 = Maya_Debug|Win32
		{1A407BD6-A310-4D67-91D6-8D385DC05E57}.Maya_Release|Win32.ActiveCfg = Maya_Release|Win32
		{1A407BD6-A310-4D67-91D6-8D385DC05E57}.Maya_Release|Win32.Build.0 = Maya_Release|Win32
		{1A407BD6-A310-4D67-91D6-8D385DC05E57}.Release|Win32.ActiveCfg = Release|Win32
		{1A407BD6-A310-4D67-91D6-8D385DC05E57}.Release|Win32.Build.0 = Release|Win32
		{D9825F53-6ACF-417A-B133-A6347537E680}.Debug|Win32.ActiveCfg = Debug|Win32
		{D9825F53-6ACF-417A-B133-A6347537E680}.Debug|Win32.Build.0 = Debug|Win32
		{D9825F53-6ACF-417A-B133-A6347537E680}.Maya_Debug|Win32.ActiveCfg = Maya_Debug|Win32
		{D9825F53-6ACF-417A-B133-A6347537E680}.Maya_Debug|Win32.Build.0 = Maya_Debug|Win32
		{D9825F53-6ACF-417A-B133-A6347537E680}.Maya_Release|Win32.ActiveCfg = Maya_Release|Win32
		{D9825F53-6ACF-417A-B133-A6347537E680}.Maya_Release|Win32.Build.0 = Maya_Release|Win32
		{D9825F53-6ACF-417A-B133-A6347537E680}.Release|Win32.ActiveCfg = Release|Win32
		{D9825F53-6ACF-417A-B133-A6347537E680}.Release|Win32.Build.0 = Release|Win32
		{64B7FF2E-BC1E-4381-86A1-9748F66DC4B6}.Debug|Win32.ActiveCfg = Debug|Win32
		{64B7FF2E-BC1E-4381-86A1-9748F66DC4B6}.Debug|Win32.Build.0 = Debug|Win32
		{64B7FF2E-BC1E-4381-86A1-9748F66DC4B6}.Maya_Debug|Win32.ActiveCfg = Maya_Debug|Win32
		{64B7FF2E-BC1E-4381-86A1-9748F66DC4B6}.Maya_Debug|Win32.Build.0 = Maya_Debug|Win32
		{64B7FF2E-BC1E-4381-86A1-9748F66DC4B6}.Maya_Release|Win32.ActiveCfg = Maya_Release|Win32
		{64B7FF2E-BC1E-4381-86A1-9748F66DC4B6}.Maya_Release|Win32.Build.0 = Maya_Release|Win32
		{64B7FF2E-BC1E-4381-86A1-9748F66DC4B6}.Release|Win32.ActiveCfg = Release|Win32
		{64B7FF2E-BC1E-4381-86A1-9748F66DC4B6}.Release|Win32.Build.0 = Release|Win32
		{CFEC2519-384F-41D8-9908-12785BB6FCEF}.Debug|Win32.ActiveCfg = Debug|Win32
		{CFEC2519-384F-41D8-9908-12785BB6FCEF}.Debug|Win32.Build.0 = Debug|Win32
		{CFEC2519-384F-41D8-9908-12785BB6FCEF}.Maya_Debug|Win32.ActiveCfg = Maya_Debug|Win32
		{CFEC2519-384F-41D8-9908-12785BB6FCEF}.Maya_Debug|Win32.Build.0 = Maya_Debug|Win32
		{CFEC2519-384F-41D8-9908-12785BB6FCEF}.Maya_Release|Win32.ActiveCfg = Maya_Release|Win32
		{CFEC2519-384F-41D8-9908-12785BB6FCEF}.Maya_Release|Win32.Build.0 = Maya_Release|Win32
		{CFEC2519-384F-41D8-9908-12785BB6FCEF}.Release|Win32.ActiveCfg = Release|Win32
		{CFEC2519-384F-41D8-9908-12785BB6FCEF}.Release|Win32.Build.0 = Release|Win32
		{0CD03495-AE37-4084-A0C3-7479D6813DB5}.Debug|Win32.ActiveCfg = Debug|Win32
		{0CD03495-AE37-4084-A0C3-7479D6813DB5}.Debug|Win32.Build.0 = Debug|Win32
		{0CD03495-AE37-4084-A0C3-7479D6813DB5}.Maya_Debug|Win32.ActiveCfg = Maya_Debug|Win32
		{0CD03495-AE37-4084-A0C3-7479D6813DB5}.Maya_Debug|Win32.Build.0 = Maya_Debug|Win32
		{0CD03495-AE37-4084-A0C3-7479D6813DB5}.Maya_Release|Win32.ActiveCfg = Maya_Release|Win32
		{0CD03495-AE37-4084-A0C3-7479D6813DB5}.Maya_Release|Win32.Build.0 = Maya_Release|Win32
		{0CD03495-AE37-4084-A0C3-7479D6813DB5}.Release|Win32.ActiveCfg = Release|Win32
		{0CD03495-AE37-4084-A0C3-7479D6813DB5}.Release|Win32.Build.0 = Release|Win32
		{FA7621FE-9BAE-40D0-9AB9-B1905059AA18}.Debug|Win32.ActiveCfg = Debug|Win32
		{FA7621FE-9BAE-40D0-9AB9-B1905059AA18}.Debug|Win32.Build.0 = Debug|Win32
		{FA7621FE-9BAE-40D0-9AB9-B1905059AA18}.Maya_Debug|Win32.ActiveCfg = Maya_Debug|Win32
		{FA7621FE-9BAE-40D0-9AB9-B1905059AA18}.Maya_Debug|Win32.Build.0 = Maya_Debug|Win32
		{FA7621FE-9BAE-40D0-9AB9-B1905059AA18}.Maya_Release|Win32.ActiveCfg = Maya_Release|Win32
		{FA7621FE-9BAE-40D0-9AB9-B1905059AA18}.Maya_Release|Win32.Build.0 = Maya_Release|Win32
		{FA7621FE-9BAE-40D0-9AB9-B1905059AA18}.Release|Win32.ActiveCfg = Release|Win32
		{FA7621FE-9BAE-40D0-9AB9-B1905059AA18}.Release|Win32.Build.0 = Release|Win32
		{29731B02-608D-4BDF-9A82-392F500EA2E8}.Debug|Win32.ActiveCfg = Debug|Win32
		{29731B02-608D-4BDF-9A82-392F500EA2E8}.Debug|Win32.Build.0 = Debug|Win32
		{29731B02-608D-4BDF-9A82-392F500EA2E8}.Maya_Debug|Win32.ActiveCfg = Maya_Debug|Win32
		{29731B02-608D-4BDF-9A82-392F500EA2E8}.Maya_Debug|Win32.Build.0 = Maya_Debug|Win32
		{29731B02-608D-4BDF-9A82-392F500EA2E8}.Maya_Release|Win32.ActiveCfg = Maya_Release|Win32
		{29731B02-608D-4BDF-9A82-392F500EA2E8}.Maya_Release|Win32.Build.0 = Maya_Release|Win32
		{29731B02-608D-4BDF-9A82-392F500EA2E8}.Release|Win32.ActiveCfg = Release|Win32
		{29731B02-608D-4BDF-9A82-392F500EA2E8}.Release|Win32.Build.0 = Release|Win32
		{624CD04B-AC21-4492-A5B0-E667918918EB}.Debug|Win32.ActiveCfg = Debug|Win32
		{624CD04B-AC21-4492-A5B0-E667918918EB}.Debug|Win32.Build.0 = Debug|Win32
		{624CD04B-AC21-4492-A5B0-E667918918EB}.Maya_Debug|Win32.ActiveCfg = Maya_Debug|Win32
		{624CD04B-AC21-4492-A5B0-E667918918EB}.Maya_Debug|Win32.Build.0 = Maya_Debug|Win32
		{624CD04B-AC21-4492-A5B0-E667918918EB}.Maya_Release|Win32.ActiveCfg = Maya_Release|Win32
		{624CD04B-AC21-4492-A5B0-E667918918EB}.Maya_Release|Win32.Build.0 = Maya_Release|Win32
		{624CD04B-AC21-4492-A5B0-E667918918EB}.Release|Win32.ActiveCfg = Release|Win32
		{624CD04B-AC21-4492-A5B0-E667918918EB}.Release|Win32.Build.0 = Release|Win32
		{AC83FC84-2FDE-4530-BA3B-D04A51195335}.Debug|Win32.ActiveCfg = Debug|Win32
		{AC83FC84-2FDE-4530-BA3B-D04A51195335}.Debug|Win32.Build.0 = Debug|Win32
		{AC83FC84-2FDE-4530-BA3B-D04A51195335}.Maya_Debug|Win32.ActiveCfg = Maya_Debug|Win32
		{AC83FC84-2FDE-4530-BA3B-D04A51195335}.Maya_Debug|Win32.Build.0 = Maya_Debug|Win32
		{AC83FC84-2FDE-4530-BA3B-D04A51195335}.Maya_Release|Win32.ActiveCfg = Maya_Release|Win32
		{AC83FC84-2FDE-4530-BA3B-D04A51195335}.Maya_Release|Win32.Build.0 = Maya_Release|Win32
		{AC83FC84-2FDE-4530-BA3B-D04A51195335}.Release|Win32.ActiveCfg = Release|Win32
		{AC83FC84-2FDE-4530-BA3B-D04A51195335}.Release|Win32.Build.0 = Release|Win32
		{6B6790AD-FE7C-49C5-A46A-062DB18FE424}.Debug|Win32.ActiveCfg = Debug|Win32
		{6B6790AD-FE7C-49C5-A46A-062DB18FE424}.Debug|Win32.Build.0 = Debug|Win32
		{6B6790AD-FE7C-49C5-A46A-062DB18FE424}.Maya_Debug|Win32.ActiveCfg = Maya_Debug|Win32
		{6B6790AD-FE7C-49C5-A46A-062DB18FE424}.Maya_Debug|Win32.Build.0 = Maya_Debug|Win32
		{6B6790AD-FE7C-49C5-A46A-062DB18FE424}.Maya_Release|Win32.ActiveCfg = Maya_Release|Win32
		{6B6790AD-FE7C-49C5-A46A-062DB18FE424}.Maya_Release|Win32.Build.0 = Maya_Release|Win32
		{6B6790AD-FE7C-49C5-A46A-062DB18FE424}.Release|Win32.ActiveCfg = Release|Win32
		{6B6790AD-FE7C-49C5-A46A-062DB18FE424}.Release|Win32.Build.0 = Release|Win32
		{D2E681A2-4D4D-45A7-98C7-795F9E23E76F}.Debug|Win32.ActiveCfg = Debug|Win32
		{D2E681A2-4D4D-45A7-98C7-795F9E23E76F}.Debug|Win32.Build.0 = Debug|Win32
		{D2E681A2-4D4D-45A7-98C7-795F9E23E76F}.Maya_Debug|Win32.ActiveCfg = Maya_Debug|Win32
		{D2E681A2-4D4D-45A7-98C7-795F9E23E76F}.Maya_Debug|Win32.Build.0 = Maya_Debug|Win32
		{D2E681A2-4D4D-45A7-98C7-795F9E23E76F}.Maya_Release|Win32.ActiveCfg = Maya_Release|Win32
		{D2E681A2-4D4D-45A7-98C7-795F9E23E76F}.Maya_Release|Win32.Build.0 = Maya_Release|Win32
		{D2E681A2-4D4D-45A7-98C7-795F9E23E76F}.Release|Win32.ActiveCfg = Release|Win32
		{D2E681A2-4D4D-45A7-98C7-795F9E23E76F}.Release|Win32.Build.0 = Release|Win32
		{4844D9AB-B65C-4B00-B704-B8528DAADE56}.Debug|Win32.ActiveCfg = Debug|Win32
		{4844D9AB-B65C-4B00-B704-B8528DAADE56}.Debug|Win32.Build.0 = Debug|Win32
		{4844D9AB-B65C-4B00-B704-B8528DAADE56}.Maya_Debug|Win32.ActiveCfg = Maya_Debug|Win32
		{4844D9AB-B65C-4B00-B704-B8528DAADE56}.Maya_Debug|Win32.Build.0 = Maya_Debug|Win32
		{4844D9AB-B65C-4B00-B704-B8528DAADE56}.Maya_Release|Win32.ActiveCfg = Maya_Release|Win32
		{4844D9AB-B65C-4B00-B704-B8528DAADE56}.Maya_Release|Win32.Build.0 = Maya_Release|Win32
		{4844D9AB-B65C-4B00-B704-B8528DAADE56}.Release|Win32.ActiveCfg = Release|Win32
		{4844D9AB-B65C-4B00-B704-B8528DAADE56}.Release|Win32.Build.0 = Release|Win32
		{FF1D84DB-ACD3-4543-B5A3-3A823D29A82D}.Debug|Win32.ActiveCfg = Debug|Win32
		{FF1D84DB-ACD3-4543-B5A3-3A823D29A82D}.Debug|Win32.Build.0 = Debug|Win32
		{FF1D84DB-ACD3-4543-B5A3-3A823D29A82D}.Maya_Debug|Win32.ActiveCfg = Maya_Debug|Win32
		{FF1D84DB-ACD3-4543-B5A3-3A823D29A82D}.Maya_Debug|Win32.Build.0 = Maya_Debug|Win32
		{FF1D84DB-ACD3-4543-B5A3-3A823D29A82D}.Maya_Release|Win32.ActiveCfg = Maya_Release|Win32
		{FF1D84DB-ACD3-4543-B5A3-3A823D29A82D}.Maya_Release|Win32.Build.0 = Maya_Release|Win32
		{FF1D84DB-ACD3-4543-B5A3-3A823D29A82D}.Release|Win32.ActiveCfg = Release|Win32
		{FF1D84DB-ACD3-4543-B5A3-3A823D29A82D}.Release|Win32.Build.0 = Release|Win32
		{33B33A63-11A8-4550-A8AA-A2C8CA892375}.Debug|Win32.ActiveCfg = Debug|Win32
		{33B33A63-11A8-4550-A8AA-A2C8CA892375}.Debug|Win32.Build.0 = Debug|Win32
		{33B33A63-11A8-4550-A8AA-A2C8CA892375}.Maya_Debug|Win32.ActiveCfg = Maya_Debug|Win32
		{33B33A63-11A8-4550-A8AA-A2C8CA892375}.Maya_Debug|Win32.Build.0 = Maya_Debug|Win32
		{33B33A63-11A8-4550-A8AA-A2C8CA892375}.Maya_Release|Win32.ActiveCfg = Maya_Release|Win32
		{33B33A63-11A8-4550-A8AA-A2C8CA892375}.Maya_Release|Win32.Build.0 = Maya_Release|Win32
		{33B33A63-11A8-4550-A8AA-A2C8CA892375}.Release|Win32.ActiveCfg = Release|Win32
		{33B33A63-11A8-4550-A8AA-A2C8CA892375}.Release|Win32.Build.0 = Release|Win32
		{2C170774-DA0D-4562-A76C-41824500A6E4}.Debug|Win32.ActiveCfg = Debug|Win32
		{2C170774-DA0D-4562-A76C-41824500A6E4}.Debug|Win32.Build.0 = Debug|Win32
		{2C170774-DA0D-4562-A76C-41824500A6E4}.Maya_Debug|Win32.ActiveCfg = Maya_Debug|Win32
		{2C170774-DA0D-4562-A76C-41824500A6E4}.Maya_Debug|Win32.Build.0 = Maya_Debug|Win32
		{2C170774-DA0D-4562-A76C-41824500A6E4}.Maya_Release|Win32.ActiveCfg = Maya_Release|Win32
		{2C170774-DA0D-4562-A76C-41824500A6E4}.Maya_Release|Win32.Build.0 = Maya_Release|Win32
		{2C170774-DA0D-4562-A76C-41824500A6E4}.Release|Win32.ActiveCfg = Release|Win32
		{2C170774-DA0D-4562-A76C-41824500A6E4}.Release|Win32.Build.0 = Release|Win32
		{38D038A1-5890-437D-B6F8-CE092B748404}.Debug|Win32.ActiveCfg = Debug|Win32
		{38D038A1-5890-437D-B6F8-CE092B748404}.Debug|Win32.Build.0 = Debug|Win32
		{38D038A1-5890-437D-B6F8-CE092B748404}.Maya_Debug|Win32.ActiveCfg = Maya_Debug|Win32
		{38D038A1-5890-437D-B6F8-CE092B748404}.Maya_Debug|Win32.Build.0 = Maya_Debug|Win32
		{38D038A1-5890-437D-B6F8-CE092B748404}.Maya_Release|Win32.ActiveCfg = Maya_Release|Win32
		{38D038A1-5890-437D-B6F8-CE092B748404}.Maya_Release|Win32.Build.0 = Maya_Release|Win32
		{38D038A1-5890-437D-B6F8-CE092B748404}.Release|Win32.ActiveCfg = Release|Win32
		{38D038A1-5890-437D-B6F8-CE092B748404}.Release|Win32.Build.0 = Release|Win32
		{0EA6493B-7E00-4A7E-8267-A02D04BA8260}.Debug|Win32.ActiveCfg = Debug|Win32
		{0EA6493B-7E00-4A7E-8267-A02D04BA8260}.Debug|Win32.Build.0 = Debug|Win32
		{0EA6493B-7E00-4A7E-8267-A02D04BA8260}.Maya_Debug|Win32.ActiveCfg = Maya_Debug|Win32
		{0EA6493B-7E00-4A7E-8267-A02D04BA8260}.Maya_Debug|Win32.Build.0 = Maya_Debug|Win32
		{0EA6493B-7E00-4A7E-8267-A02D04BA8260}.Maya_Release|Win32.ActiveCfg = Maya_Release|Win32
		{0EA6493B-7E00-4A7E-8267-A02D04BA8260}.Maya_Release|Win32.Build.0 = Maya_Release|Win32
		{0EA6493B-7E00-4A7E-8267-A02D04BA8260}.Release|Win32.ActiveCfg = Release|Win32
		{0EA6493B-7E00-4A7E-8267-A02D04BA8260}.Release|Win32.Build.0 = Release|Win32
		{AF7F4481-0697-4A49-BC90-12CDDF151A7D}.Debug|Win32.ActiveCfg = Debug|Win32
		{AF7F4481-0697-4A49-BC90-12CDDF151A7D}.Debug|Win32.Build.0 = Debug|Win32
		{AF7F4481-0697-4A49-BC90-12CDDF151A7D}.Maya_Debug|Win32.ActiveCfg = Maya_Debug|Win32
		{AF7F4481-0697-4A49-BC90-12CDDF151A7D}.Maya_Debug|Win32.Build.0 = Maya_Debug|Win32
		{AF7F4481-0697-4A49-BC90-12CDDF151A7D}.Maya_Release|Win32.ActiveCfg = Maya_Release|Win32
		{AF7F4481-0697-4A49-BC90-12CDDF151A7D}.Maya_Release|Win32.Build.0 = Maya_Release|Win32
		{AF7F4481-0697-4A49-BC90-12CDDF151A7D}.Release|Win32.ActiveCfg = Release|Win32
		{AF7F4481-0697-4A49-BC90-12CDDF151A7D}.Release|Win32.Build.0 = Release|Win32
		{B6BC8C39-A31C-457D-83A6-F30762570CFB}.Debug|Win32.ActiveCfg = Debug|Win32
		{B6BC8C39-A31C-457D-83A6-F30762570CFB}.Debug|Win32.Build.0 = Debug|Win32
		{B6BC8C39-A31C-457D-83A6-F30762570CFB}.Maya_Debug|Win32.ActiveCfg = Maya_Debug|Win32
		{B6BC8C39-A31C-457D-83A6-F30762570CFB}.Maya_Debug|Win32.Build.0 = Maya_Debug|Win32
		{B6BC8C39-A31C-457D-83A6-F30762570CFB}.Maya_Release|Win32.ActiveCfg = Maya_Release|Win32
		{B6BC8C39-A31C-457D-83A6-F30762570CFB}.Maya_Release|Win32.Build.0 = Maya_Release|Win32
		{B6BC8C39-A31C-457D-83A6-F30762570CFB}.Release|Win32.ActiveCfg = Release|Win32
		{B6BC8C39-A31C-457D-83A6-F30762570CFB}.Release|Win32.Build.0 = Release|Win32
		{ABDC5F15-90AA-4B6A-AA0F-2B06D65E1A7E}.Debug|Win32.ActiveCfg = Debug|Win32
		{ABDC5F15-90AA-4B6A-AA0F-2B06D65E1A7E}.Debug|Win32.Build.0 = Debug|Win32
		{ABDC5F15-90AA-4B6A-AA0F-2B06D65E1A7E}.Maya_Debug|Win32.ActiveCfg = Maya_Debug|Win32
		{ABDC5F15-90AA-4B6A-AA0F-2B06D65E1A7E}.Maya_Debug|Win32.Build.0 = Maya_Debug|Win32
		{ABDC5F15-90AA-4B6A-AA0F-2B06D65E1A7E}.Maya_Release|Win32.ActiveCfg = Maya_Release|Win32
		{ABDC5F15-90AA-4B6A-AA0F-2B06D65E1A7E}.Maya_Release|Win32.Build.0 = Maya_Release|Win32
		{ABDC5F15-90AA-4B6A-AA0F-2B06D65E1A7E}.Release|Win32.ActiveCfg = Release|Win32
		{ABDC5F15-90AA-4B6A-AA0F-2B06D65E1A7E}.Release|Win32.Build.0 = Release|Win32
		{B203D045-0A87-4899-9661-79BBF6A10197}.Debug|Win32.ActiveCfg = Debug|Win32
		{B203D045-0A87-4899-9661-79BBF6A10197}.Debug|Win32.Build.0 = Debug|Win32
		{B203D045-0A87-4899-9661-79BBF6A10197}.Maya_Debug|Win32.ActiveCfg = Maya_Debug|Win32
		{B203D045-0A87-4899-9661-79BBF6A10197}.Maya_Debug|Win32.Build.0 = Maya_Debug|Win32
		{B203D045-0A87-4899-9661-79BBF6A10197}.Maya_Release|Win32.ActiveCfg = Maya_Release|Win32
		{B203D045-0A87-4899-9661-79BBF6A10197}.Maya_Release|Win32.Build.0 = Maya_Release|Win32
		{B203D045-0A87-4899-9661-79BBF6A10197}.Release|Win32.ActiveCfg = Release|Win32
		{B203D045-0A87-4899-9661-79BBF6A10197}.Release|Win32.Build.0 = Release|Win32
		{39D1E2CF-7F8E-4CA1-A2A7-51C33EA30544}.Debug|Win32.ActiveCfg = Debug|Win32
		{39D1E2CF-7F8E-4CA1-A2A7-51C33EA30544}.Debug|Win32.Build.0 = Debug|Win32
		{39D1E2CF-7F8E-4CA1-A2A7-51C33EA30544}.Maya_Debug|Win32.ActiveCfg = Maya_Debug|Win32
		{39D1E2CF-7F8E-4CA1-A2A7-51C33EA30544}.Maya_Debug|Win32.Build.0 = Maya_Debug|Win32
		{39D1E2CF-7F8E-4CA1-A2A7-51C33EA30544}.Maya_Release|Win32.ActiveCfg = Maya_Release|Win32
		{39D1E2CF-7F8E-4CA1-A2A7-51C33EA30544}.Maya_Release|Win32.Build.0 = Maya_Release|Win32
		{39D1E2CF-7F8E-4CA1-A2A7-51C33EA30544}.Release|Win32.ActiveCfg = Release|Win32
		{39D1E2CF-7F8E-4CA1-A2A7-51C33EA30544}.Release|Win32.Build.0 = Release|Win32
		{22981A1E-C3BD-416B-9002-05756BAECA54}.Debug|Win32.ActiveCfg = Debug|Win32
		{22981A1E-C3BD-416B-9002-05756BAECA54}.Debug|Win32.Build.0 = Debug|Win32
		{22981A1E-C3BD-416B-9002-05756BAECA54}.Maya_Debug|Win32.ActiveCfg = Maya_Debug|Win32
		{22981A1E-C3BD-416B-9002-05756BAECA54}.Maya_Debug|Win32.Build.0 = Maya_Debug|Win32
		{22981A1E-C3BD-416B-9002-05756BAECA54}.Maya_Release|Win32.ActiveCfg = Maya_Release|Win32
		{22981A1E-C3BD-416B-9002-05756BAECA54}.Maya_Release|Win32.Build.0 = Maya_Release|Win32
		{22981A1E-C3BD-416B-9002-05756BAECA54}.Release|Win32.ActiveCfg = Release|Win32
		{22981A1E-C3BD-416B-9002-05756BAECA54}.Release|Win32.Build.0 = Release|Win32
		{47E7E5A6-9407-4709-8AF8-19D085A42589}.Debug|Win32.ActiveCfg = Debug|Win32
		{47E7E5A6-9407-4709-8AF8-19D085A42589}.Debug|Win32.Build.0 = Debug|Win32
		{47E7E5A6-9407-4709-8AF8-19D085A42589}.Maya_Debug|Win32.ActiveCfg = Maya_Debug|Win32
		{47E7E5A6-9407-4709-8AF8-19D085A42589}.Maya_Debug|Win32.Build.0 = Maya_Debug|Win32
		{47E7E5A6-9407-4709-8AF8-19D085A42589}.Maya_Release|Win32.ActiveCfg = Maya_Release|Win32
		{47E7E5A6-9407-4709-8AF8-19D085A42589}.Maya_Release|Win32.Build.0 = Maya_Release|Win32
		{47E7E5A6-9407-4709-8AF8-19D085A42589}.Release|Win32.ActiveCfg = Release|Win32
		{47E7E5A6-9407-4709-8AF8-19D085A42589}.Release|Win32.Build.0 = Release|Win32
		{7A1BCEB8-8C08-4D0E-81B7-5D26FC87597E}.Debug|Win32.ActiveCfg = Debug|Win32
		{7A1BCEB8-8C08-4D0E-81B7-5D26FC87597E}.Debug|Win32.Build.0 = Debug|Win32
		{7A1BCEB8-8C08-4D0E-81B7-5D26FC87597E}.Maya_Debug|Win32.ActiveCfg = Maya_Debug|Win32
		{7A1BCEB8-8C08-4D0E-81B7-5D26FC87597E}.Maya_Debug|Win32.Build.0 = Maya_Debug|Win32
		{7A1BCEB8-8C08-4D0E-81B7-5D26FC87597E}.Maya_Release|Win32.ActiveCfg = Maya_Release|Win32
		{7A1BCEB8-8C08-4D0E-81B7-5D26FC87597E}.Maya_Release|Win32.Build.0 = Maya_Release|Win32
		{7A1BCEB8-8C08-4D0E-81B7-5D26FC87597E}.Release|Win32.ActiveCfg = Release|Win32
		{7A1BCEB8-8C08-4D0E-81B7-5D26FC87597E}.Release|Win32.Build.0 = Release|Win32
		{3E07FB6F-42EE-4189-88C8-564AA2181031}.Debug|Win32.ActiveCfg = Debug|Win32
		{3E07FB6F-42EE-4189-88C8-564AA2181031}.Debug|Win32.Build.0 = Debug|Win32
		{3E07FB6F-42EE-4189-88C8-564AA2181031}.Maya_Debug|Win32.ActiveCfg = Maya_Debug|Win32
		{3E07FB6F-42EE-4189-88C8-564AA2181031}.Maya_Debug|Win32.Build.0 = Maya_Debug|Win32
		{3E07FB6F-42EE-4189-88C8-564AA2181031}.Maya_Release|Win32.ActiveCfg = Maya_Release|Win32
		{3E07FB6F-42EE-4189-88C8-564AA2181031}.Maya_Release|Win32.Build.0 = Maya_Release|Win32
		{3E07FB6F-42EE-4189-88C8-564AA2181031}.Release|Win32.ActiveCfg = Release|Win32
		{3E07FB6F-42EE-4189-88C8-564AA2181031}.Release|Win32.Build.0 = Release|Win32
		{BC0EDBB2-736E-43CE-96D0-754E67060564}.Debug|Win32.ActiveCfg = Debug|Win32
		{BC0EDBB2-736E-43CE-96D0-754E67060564}.Debug|Win32.Build.0 = Debug|Win32
		{BC0EDBB2-736E-43CE-96D0-754E67060564}.Maya_Debug|Win32.ActiveCfg = Maya_Debug|Win32
		{BC0EDBB2-736E-43CE-96D0-754E67060564}.Maya_Debug|Win32.Build.0 = Maya_Debug|Win32
		{BC0EDBB2-736E-43CE-96D0-754E67060564}.Maya_Release|Win32.ActiveCfg = Maya_Release|Win32
		{BC0EDBB2-736E-43CE-96D0-754E67060564}.Maya_Release|Win32.Build.0 = Maya_Release|Win32
		{BC0EDBB2-736E-43CE-96D0-754E67060564}.Release|Win32.ActiveCfg = Release|Win32
		{BC0EDBB2-736E-43CE-96D0-754E67060564}.Release|Win32.Build.0 = Release|Win32
		{75FE4D1B-42CC-432C-A932-A4AE416BEC71}.Debug|Win32.ActiveCfg = Debug|Win32
		{75FE4D1B-42CC-432C-A932-A4AE416BEC71}.Debug|Win32.Build.0 = Debug|Win32
		{75FE4D1B-42CC-432C-A932-A4AE416BEC71}.Maya_Debug|Win32.ActiveCfg = Maya_Debug|Win32
		{75FE4D1B-42CC-432C-A932-A4AE416BEC71}.Maya_Debug|Win32.Build.0 = Maya_Debug|Win32
		{75FE4D1B-42CC-432C-A932-A4AE416BEC71}.Maya_Release|Win32.ActiveCfg = Maya_Release|Win32
		{75FE4D1B-42CC-432C-A932-A4AE416BEC71}.Maya_Release|Win32.Build.0 = Maya_Release|Win32
		{75FE4D1B-42CC-432C-A932-A4AE416BEC71}.Release|Win32.ActiveCfg = Release|Win32
		{75FE4D1B-42CC-432C-A932-A4AE416BEC71}.Release|Win32.Build.0 = Release|Win32
		{3DB05A7A-6BD7-43FD-8448-22C7401122B4}.Debug|Win32.ActiveCfg = Debug|Win32
		{3DB05A7A-6BD7-43FD-8448-22C7401122B4}.Debug|Win32.Build.0 = Debug|Win32
		{3DB05A7A-6BD7-43FD-8448-22C7401122B4}.Maya_Debug|Win32.ActiveCfg = Maya_Debug|Win32
		{3DB05A7A-6BD7-43FD-8448-22C7401122B4}.Maya_Debug|Win32.Build.0 = Maya_Debug|Win32
		{3DB05A7A-6BD7-43FD-8448-22C7401122B4}.Maya_Release|Win32.ActiveCfg = Maya_Release|Win32
		{3DB05A7A-6BD7-43FD-8448-22C7401122B4}.Maya_Release|Win32.Build.0 = Maya_Release|Win32
		{3DB05A7A-6BD7-43FD-8448-22C7401122B4}.Release|Win32.ActiveCfg = Release|Win32
		{3DB05A7A-6BD7-43FD-8448-22C7401122B4}.Release|Win32.Build.0 = Release|Win32
		{9267C413-CF49-4132-8455-EEE128AB8D6B}.Debug|Win32.ActiveCfg = Debug|Win32
		{9267C413-CF49-4132-8455-EEE128AB8D6B}.Debug|Win32.Build.0 = Debug|Win32
		{9267C413-CF49-4132-8455-EEE128AB8D6B}.Maya_Debug|Win32.ActiveCfg = Maya_Debug|Win32
		{9267C413-CF49-4132-8455-EEE128AB8D6B}.Maya_Debug|Win32.Build.0 = Maya_Debug|Win32
		{9267C413-CF49-4132-8455-EEE128AB8D6B}.Maya_Release|Win32.ActiveCfg = Maya_Release|Win32
		{9267C413-CF49-4132-8455-EEE128AB8D6B}.Maya_Release|Win32.Build.0 = Maya_Release|Win32
		{9267C413-CF49-4132-8455-EEE128AB8D6B}.Release|Win32.ActiveCfg = Release|Win32
		{9267C413-CF49-4132-8455-EEE128AB8D6B}.Release|Win32.Build.0 = Release|Win32
		{D61902D4-437D-4BDB-89A6-9977557ACBC6}.Debug|Win32.ActiveCfg = Debug|Win32
		{D61902D4-437D-4BDB-89A6-9977557ACBC6}.Debug|Win32.Build.0 = Debug|Win32
		{D61902D4-437D-4BDB-89A6-9977557ACBC6}.Maya_Debug|Win32.ActiveCfg = Maya_Debug|Win32
		{D61902D4-437D-4BDB-89A6-9977557ACBC6}.Maya_Debug|Win32.Build.0 = Maya_Debug|Win32
		{D61902D4-437D-4BDB-89A6-9977557ACBC6}.Maya_Release|Win32.ActiveCfg = Maya_Release|Win32
		{D61902D4-437D-4BDB-89A6-9977557ACBC6}.Maya_Release|Win32.Build.0 = Maya_Release|Win32
		{D61902D4-437D-4BDB-89A6-9977557ACBC6}.Release|Win32.ActiveCfg = Release|Win32
		{D61902D4-437D-4BDB-89A6-9977557ACBC6}.Release|Win32.Build.0 = Release|Win32
		{EBEA651F-3225-4892-9680-67731D96B7C0}.Debug|Win32.ActiveCfg = Debug|Win32
		{EBEA651F-3225-4892-9680-67731D96B7C0}.Debug|Win32.Build.0 = Debug|Win32
		{EBEA651F-3225-4892-9680-67731D96B7C0}.Maya_Debug|Win32.ActiveCfg = Maya_Debug|Win32
		{EBEA651F-3225-4892-9680-67731D96B7C0}.Maya_Debug|Win32.Build.0 = Maya_Debug|Win32
		{EBEA651F-3225-4892-9680-67731D96B7C0}.Maya_Release|Win32.ActiveCfg = Maya_Release|Win32
		{EBEA651F-3225-4892-9680-67731D96B7C0}.Maya_Release|Win32.Build.0 = Maya_Release|Win32
		{EBEA651F-3225-4892-9680-67731D96B7C0}.Release|Win32.ActiveCfg = Release|Win32
		{EBEA651F-3225-4892-9680-67731D96B7C0}.Release|Win32.Build.0 = Release|Win32
		{27DEF483-11FA-4D4A-9D7F-A4E2E98B2FF7}.Debug|Win32.ActiveCfg = Debug|Win32
		{27DEF483-11FA-4D4A-9D7F-A4E2E98B2FF7}.Debug|Win32.Build.0 = Debug|Win32
		{27DEF483-11FA-4D4A-9D7F-A4E2E98B2FF7}.Maya_Debug|Win32.ActiveCfg = Maya_Debug|Win32
		{27DEF483-11FA-4D4A-9D7F-A4E2E98B2FF7}.Maya_Debug|Win32.Build.0 = Maya_Debug|Win32
		{27DEF483-11FA-4D4A-9D7F-A4E2E98B2FF7}.Maya_Release|Win32.ActiveCfg = Maya_Release|Win32
		{27DEF483-11FA-4D4A-9D7F-A4E2E98B2FF7}.Maya_Release|Win32.Build.0 = Maya_Release|Win32
		{27DEF483-11FA-4D4A-9D7F-A4E2E98B2FF7}.Release|Win32.ActiveCfg = Release|Win32
		{27DEF483-11FA-4D4A-9D7F-A4E2E98B2FF7}.Release|Win32.Build.0 = Release|Win32
	EndGlobalSection
	GlobalSection(SolutionProperties) = preSolution
		HideSolutionNode = FALSE
	EndGlobalSection
	GlobalSection(NestedProjects) = preSolution
		{FB193C0E-6EF7-40BC-9195-F33DDE0B5F4D} = {798777E9-B38C-4974-BEE3-B1CD45F6A1E6}
		{6056C7F2-FF23-4087-9AA0-FC98BD639F39} = {798777E9-B38C-4974-BEE3-B1CD45F6A1E6}
		{EDF1B231-38F8-4E55-9F71-9F01C8307970} = {798777E9-B38C-4974-BEE3-B1CD45F6A1E6}
		{0CD03495-AE37-4084-A0C3-7479D6813DB5} = {832A854F-2030-4EA4-86FE-EDEEC017E78E}
		{FA7621FE-9BAE-40D0-9AB9-B1905059AA18} = {832A854F-2030-4EA4-86FE-EDEEC017E78E}
		{29731B02-608D-4BDF-9A82-392F500EA2E8} = {832A854F-2030-4EA4-86FE-EDEEC017E78E}
		{624CD04B-AC21-4492-A5B0-E667918918EB} = {832A854F-2030-4EA4-86FE-EDEEC017E78E}
		{AC83FC84-2FDE-4530-BA3B-D04A51195335} = {832A854F-2030-4EA4-86FE-EDEEC017E78E}
		{6B6790AD-FE7C-49C5-A46A-062DB18FE424} = {832A854F-2030-4EA4-86FE-EDEEC017E78E}
		{D2E681A2-4D4D-45A7-98C7-795F9E23E76F} = {832A854F-2030-4EA4-86FE-EDEEC017E78E}
		{4844D9AB-B65C-4B00-B704-B8528DAADE56} = {832A854F-2030-4EA4-86FE-EDEEC017E78E}
		{FF1D84DB-ACD3-4543-B5A3-3A823D29A82D} = {832A854F-2030-4EA4-86FE-EDEEC017E78E}
		{33B33A63-11A8-4550-A8AA-A2C8CA892375} = {3B2AD919-B940-473D-A9CC-62428540DEC5}
		{2C170774-DA0D-4562-A76C-41824500A6E4} = {3B2AD919-B940-473D-A9CC-62428540DEC5}
		{38D038A1-5890-437D-B6F8-CE092B748404} = {3B2AD919-B940-473D-A9CC-62428540DEC5}
		{0EA6493B-7E00-4A7E-8267-A02D04BA8260} = {3B2AD919-B940-473D-A9CC-62428540DEC5}
		{AF7F4481-0697-4A49-BC90-12CDDF151A7D} = {3B2AD919-B940-473D-A9CC-62428540DEC5}
		{B6BC8C39-A31C-457D-83A6-F30762570CFB} = {3B2AD919-B940-473D-A9CC-62428540DEC5}
		{ABDC5F15-90AA-4B6A-AA0F-2B06D65E1A7E} = {3B2AD919-B940-473D-A9CC-62428540DEC5}
		{B203D045-0A87-4899-9661-79BBF6A10197} = {3B2AD919-B940-473D-A9CC-62428540DEC5}
		{39D1E2CF-7F8E-4CA1-A2A7-51C33EA30544} = {3B2AD919-B940-473D-A9CC-62428540DEC5}
		{22981A1E-C3BD-416B-9002-05756BAECA54} = {3B2AD919-B940-473D-A9CC-62428540DEC5}
		{47E7E5A6-9407-4709-8AF8-19D085A42589} = {3B2AD919-B940-473D-A9CC-62428540DEC5}
		{7A1BCEB8-8C08-4D0E-81B7-5D26FC87597E} = {3B2AD919-B940-473D-A9CC-62428540DEC5}
		{3E07FB6F-42EE-4189-88C8-564AA2181031} = {3B2AD919-B940-473D-A9CC-62428540DEC5}
		{BC0EDBB2-736E-43CE-96D0-754E67060564} = {3B2AD919-B940-473D-A9CC-62428540DEC5}
		{75FE4D1B-42CC-432C-A932-A4AE416BEC71} = {3B2AD919-B940-473D-A9CC-62428540DEC5}
		{3DB05A7A-6BD7-43FD-8448-22C7401122B4} = {3B2AD919-B940-473D-A9CC-62428540DEC5}
		{9267C413-CF49-4132-8455-EEE128AB8D6B} = {3B2AD919-B940-473D-A9CC-62428540DEC5}
		{D61902D4-437D-4BDB-89A6-9977557ACBC6} = {3B2AD919-B940-473D-A9CC-62428540DEC5}
		{EBEA651F-3225-4892-9680-67731D96B7C0} = {3B2AD919-B940-473D-A9CC-62428540DEC5}
		{27DEF483-11FA-4D4A-9D7F-A4E2E98B2FF7} = {3B2AD919-B940-473D-A9CC-62428540DEC5}
		{02C53B78-42C2-44B9-9A38-AF8CE275AD9E} = {28B9CEF2-57A6-4EE5-8235-2014936D9FE7}
		{B45E0219-0203-4FE1-A123-30B4179A95CF} = {28B9CEF2-57A6-4EE5-8235-2014936D9FE7}
		{1A407BD6-A310-4D67-91D6-8D385DC05E57} = {28B9CEF2-57A6-4EE5-8235-2014936D9FE7}
		{D9825F53-6ACF-417A-B133-A6347537E680} = {28B9CEF2-57A6-4EE5-8235-2014936D9FE7}
		{64B7FF2E-BC1E-4381-86A1-9748F66DC4B6} = {28B9CEF2-57A6-4EE5-8235-2014936D9FE7}
		{CFEC2519-384F-41D8-9908-12785BB6FCEF} = {28B9CEF2-57A6-4EE5-8235-2014936D9FE7}
	EndGlobalSection
EndGlobal
